// !$*UTF8*$!
{
	archiveVersion = 1;
	classes = {
	};
	objectVersion = 60;
	objects = {

/* Begin PBXBuildFile section */
		43030A5D2AFFC66900E4CA6B /* SubTopicViewModel.swift in Sources */ = {isa = PBXBuildFile; fileRef = 43030A5C2AFFC66900E4CA6B /* SubTopicViewModel.swift */; };
		43030A622AFFDE1600E4CA6B /* QuestionViewModel.swift in Sources */ = {isa = PBXBuildFile; fileRef = 43030A612AFFDE1600E4CA6B /* QuestionViewModel.swift */; };
		43057A742B062DC600292548 /* UserDashboardView.swift in Sources */ = {isa = PBXBuildFile; fileRef = 43057A732B062DC600292548 /* UserDashboardView.swift */; };
		43057A762B062E6700292548 /* UserManager.swift in Sources */ = {isa = PBXBuildFile; fileRef = 43057A752B062E6700292548 /* UserManager.swift */; };
		43057A782B06511800292548 /* SmallNavButton.swift in Sources */ = {isa = PBXBuildFile; fileRef = 43057A772B06511800292548 /* SmallNavButton.swift */; };
		432A05542B1784660055185B /* ShopView.swift in Sources */ = {isa = PBXBuildFile; fileRef = 432A05532B1784660055185B /* ShopView.swift */; };
		433AEF982AFE633300449F10 /* Allwise2App.swift in Sources */ = {isa = PBXBuildFile; fileRef = 433AEF972AFE633300449F10 /* Allwise2App.swift */; };
		433AEF9C2AFE633500449F10 /* Assets.xcassets in Resources */ = {isa = PBXBuildFile; fileRef = 433AEF9B2AFE633500449F10 /* Assets.xcassets */; };
		433AEF9F2AFE633500449F10 /* Preview Assets.xcassets in Resources */ = {isa = PBXBuildFile; fileRef = 433AEF9E2AFE633500449F10 /* Preview Assets.xcassets */; };
		433AEFA72AFE635500449F10 /* Models.swift in Sources */ = {isa = PBXBuildFile; fileRef = 433AEFA62AFE635500449F10 /* Models.swift */; };
		433AEFAC2AFE663800449F10 /* TopicsView.swift in Sources */ = {isa = PBXBuildFile; fileRef = 433AEFAB2AFE663800449F10 /* TopicsView.swift */; };
		433AEFAF2AFE6B1300449F10 /* AppViewModel.swift in Sources */ = {isa = PBXBuildFile; fileRef = 433AEFAE2AFE6B1300449F10 /* AppViewModel.swift */; };
		433AEFB12AFE6B5800449F10 /* MockData.swift in Sources */ = {isa = PBXBuildFile; fileRef = 433AEFB02AFE6B5800449F10 /* MockData.swift */; };
		433AEFB52AFE724900449F10 /* TopicButton.swift in Sources */ = {isa = PBXBuildFile; fileRef = 433AEFB42AFE724900449F10 /* TopicButton.swift */; };
		433AEFB92AFE730B00449F10 /* TopicsViewViewModel.swift in Sources */ = {isa = PBXBuildFile; fileRef = 433AEFB82AFE730B00449F10 /* TopicsViewViewModel.swift */; };
		433AEFBB2AFE748C00449F10 /* SubTopicView.swift in Sources */ = {isa = PBXBuildFile; fileRef = 433AEFBA2AFE748C00449F10 /* SubTopicView.swift */; };
		433DACB42B1628E60019A7CB /* StoreKitManager.swift in Sources */ = {isa = PBXBuildFile; fileRef = 433DACB32B1628E60019A7CB /* StoreKitManager.swift */; };
		4347CEDD2B03BBD3004531B4 /* ResultOverlay.swift in Sources */ = {isa = PBXBuildFile; fileRef = 4347CEDC2B03BBD3004531B4 /* ResultOverlay.swift */; };
		4347CEDF2B03BC37004531B4 /* ValidationButton.swift in Sources */ = {isa = PBXBuildFile; fileRef = 4347CEDE2B03BC37004531B4 /* ValidationButton.swift */; };
		4347CEE12B03BC87004531B4 /* SingleSelectButton.swift in Sources */ = {isa = PBXBuildFile; fileRef = 4347CEE02B03BC87004531B4 /* SingleSelectButton.swift */; };
		4347CEE52B03CE15004531B4 /* QuitQuestionViewOverlay.swift in Sources */ = {isa = PBXBuildFile; fileRef = 4347CEE42B03CE15004531B4 /* QuitQuestionViewOverlay.swift */; };
		4351DF662B079AE800D441E9 /* ColorsExtensions.swift in Sources */ = {isa = PBXBuildFile; fileRef = 4351DF652B079AE800D441E9 /* ColorsExtensions.swift */; };
		43785F222B0293AD000BBD76 /* SelectLessonsView.swift in Sources */ = {isa = PBXBuildFile; fileRef = 43785F212B0293AD000BBD76 /* SelectLessonsView.swift */; };
		4378D2102B0CBAEF00736633 /* HomeView.swift in Sources */ = {isa = PBXBuildFile; fileRef = 4378D20F2B0CBAEF00736633 /* HomeView.swift */; };
		4378D2122B0CBED300736633 /* ResultOverlayViewModel.swift in Sources */ = {isa = PBXBuildFile; fileRef = 4378D2112B0CBED300736633 /* ResultOverlayViewModel.swift */; };
		4382423C2B04C1EC00CC321C /* ErrorsView.swift in Sources */ = {isa = PBXBuildFile; fileRef = 4382423B2B04C1EC00CC321C /* ErrorsView.swift */; };
		4382423E2B04D76F00CC321C /* ResultView.swift in Sources */ = {isa = PBXBuildFile; fileRef = 4382423D2B04D76F00CC321C /* ResultView.swift */; };
		438242432B04DCED00CC321C /* ResultViewViewModel.swift in Sources */ = {isa = PBXBuildFile; fileRef = 438242422B04DCED00CC321C /* ResultViewViewModel.swift */; };
		438242452B04E11500CC321C /* ContinueButton.swift in Sources */ = {isa = PBXBuildFile; fileRef = 438242442B04E11500CC321C /* ContinueButton.swift */; };
		4383ADBA2B1A22610041532B /* ConsumableShopView.swift in Sources */ = {isa = PBXBuildFile; fileRef = 4383ADB92B1A22610041532B /* ConsumableShopView.swift */; };
		4399F4FA2AFE80E6007005B0 /* CircularProgressBar.swift in Sources */ = {isa = PBXBuildFile; fileRef = 4399F4F92AFE80E6007005B0 /* CircularProgressBar.swift */; };
		4399F4FC2AFE8F2A007005B0 /* QuestionQCMView.swift in Sources */ = {isa = PBXBuildFile; fileRef = 4399F4FB2AFE8F2A007005B0 /* QuestionQCMView.swift */; };
		4399F4FE2AFE9434007005B0 /* CustomProgressBar.swift in Sources */ = {isa = PBXBuildFile; fileRef = 4399F4FD2AFE9434007005B0 /* CustomProgressBar.swift */; };
		43B2651E2B1115480014DC1B /* OnboardingView.swift in Sources */ = {isa = PBXBuildFile; fileRef = 43B2651D2B1115480014DC1B /* OnboardingView.swift */; };
		43B265222B1115710014DC1B /* OnboardingViewModel.swift in Sources */ = {isa = PBXBuildFile; fileRef = 43B265212B1115710014DC1B /* OnboardingViewModel.swift */; };
		43B265242B1115D30014DC1B /* SelectFirstLessonView.swift in Sources */ = {isa = PBXBuildFile; fileRef = 43B265232B1115D30014DC1B /* SelectFirstLessonView.swift */; };
		43B265262B11169B0014DC1B /* LessonButton.swift in Sources */ = {isa = PBXBuildFile; fileRef = 43B265252B11169B0014DC1B /* LessonButton.swift */; };
		43B265282B111D450014DC1B /* GeneralKnowledgeLevelView.swift in Sources */ = {isa = PBXBuildFile; fileRef = 43B265272B111D450014DC1B /* GeneralKnowledgeLevelView.swift */; };
		43B2652C2B11543C0014DC1B /* SelfImprovementReasonsVie.swift in Sources */ = {isa = PBXBuildFile; fileRef = 43B2652B2B11543C0014DC1B /* SelfImprovementReasonsVie.swift */; };
		43B2652E2B1159C60014DC1B /* WhatYouCanAchieveView.swift in Sources */ = {isa = PBXBuildFile; fileRef = 43B2652D2B1159C60014DC1B /* WhatYouCanAchieveView.swift */; };
		43B265302B11637B0014DC1B /* Transitions.swift in Sources */ = {isa = PBXBuildFile; fileRef = 43B2652F2B11637B0014DC1B /* Transitions.swift */; };
		43C6BBB92B050391003134C2 /* BuyNewLifesOverlay.swift in Sources */ = {isa = PBXBuildFile; fileRef = 43C6BBB82B050391003134C2 /* BuyNewLifesOverlay.swift */; };
		43DCEEBF2B062030007858EE /* LifesManager.swift in Sources */ = {isa = PBXBuildFile; fileRef = 43DCEEBE2B062030007858EE /* LifesManager.swift */; };
		43F2F43B2B0E3EF200BF28AD /* MatchingViewModel.swift in Sources */ = {isa = PBXBuildFile; fileRef = 43F2F43A2B0E3EF200BF28AD /* MatchingViewModel.swift */; };
		43F2F4592B0E6DB000BF28AD /* MatchView.swift in Sources */ = {isa = PBXBuildFile; fileRef = 43F2F4582B0E6DB000BF28AD /* MatchView.swift */; };
		43F2F45B2B0F654100BF28AD /* MatchingButton.swift in Sources */ = {isa = PBXBuildFile; fileRef = 43F2F45A2B0F654100BF28AD /* MatchingButton.swift */; };
		5024BDCC2BCECEE600297F4F /* HapticManager.swift in Sources */ = {isa = PBXBuildFile; fileRef = 5024BDCB2BCECEE600297F4F /* HapticManager.swift */; };
		5024BDCF2BCECF1200297F4F /* AudioPlayer.swift in Sources */ = {isa = PBXBuildFile; fileRef = 5024BDCE2BCECF1200297F4F /* AudioPlayer.swift */; };
		5073CA1B2BD91864009C709A /* MeditationView.swift in Sources */ = {isa = PBXBuildFile; fileRef = 5073CA1A2BD91864009C709A /* MeditationView.swift */; };
		5073CA202BD91AED009C709A /* MainProgressBarViewModel.swift in Sources */ = {isa = PBXBuildFile; fileRef = 5073CA1F2BD91AED009C709A /* MainProgressBarViewModel.swift */; };
		5073CA222BD91B0A009C709A /* SessionProgressBar.swift in Sources */ = {isa = PBXBuildFile; fileRef = 5073CA212BD91B0A009C709A /* SessionProgressBar.swift */; };
		5073CA252BD9390F009C709A /* Consigne.swift in Sources */ = {isa = PBXBuildFile; fileRef = 5073CA242BD9390F009C709A /* Consigne.swift */; };
		5073CA282BD939D0009C709A /* MeditationCanvasView.swift in Sources */ = {isa = PBXBuildFile; fileRef = 5073CA272BD939D0009C709A /* MeditationCanvasView.swift */; };
		508F778B2BD94EB300FADABC /* rain1.mp4 in Resources */ = {isa = PBXBuildFile; fileRef = 508F778A2BD94EB300FADABC /* rain1.mp4 */; };
		508F778E2BD94FB600FADABC /* VideoPlayerView.swift in Sources */ = {isa = PBXBuildFile; fileRef = 508F778D2BD94FB600FADABC /* VideoPlayerView.swift */; };
		508F77902BD955F800FADABC /* rain2.mp4 in Resources */ = {isa = PBXBuildFile; fileRef = 508F778F2BD955F800FADABC /* rain2.mp4 */; };
		508F77932BD958AF00FADABC /* HeaderGradient.swift in Sources */ = {isa = PBXBuildFile; fileRef = 508F77922BD958AF00FADABC /* HeaderGradient.swift */; };
		508F77972BD9651200FADABC /* cloud1.mp4 in Resources */ = {isa = PBXBuildFile; fileRef = 508F77962BD9650B00FADABC /* cloud1.mp4 */; };
		508F77992BD9654000FADABC /* rain3.mp4 in Resources */ = {isa = PBXBuildFile; fileRef = 508F77982BD9654000FADABC /* rain3.mp4 */; };
		508F779B2BD9657E00FADABC /* rain4.mp4 in Resources */ = {isa = PBXBuildFile; fileRef = 508F779A2BD9657E00FADABC /* rain4.mp4 */; };
		508F77A02BD9660000FADABC /* city2.mp4 in Resources */ = {isa = PBXBuildFile; fileRef = 508F779F2BD9660000FADABC /* city2.mp4 */; };
		508F77A52BD9664700FADABC /* city1.mp4 in Resources */ = {isa = PBXBuildFile; fileRef = 508F77A12BD9660A00FADABC /* city1.mp4 */; };
		508F77A72BD9675C00FADABC /* sea1.mp4 in Resources */ = {isa = PBXBuildFile; fileRef = 508F77A62BD9675C00FADABC /* sea1.mp4 */; };
		508F77A92BD9677F00FADABC /* sea2.mp4 in Resources */ = {isa = PBXBuildFile; fileRef = 508F77A82BD9677F00FADABC /* sea2.mp4 */; };
		508F77AB2BD967DE00FADABC /* sea3.mp4 in Resources */ = {isa = PBXBuildFile; fileRef = 508F77AA2BD967DE00FADABC /* sea3.mp4 */; };
		508F77AD2BD9682E00FADABC /* sea4.mp4 in Resources */ = {isa = PBXBuildFile; fileRef = 508F77AC2BD9682E00FADABC /* sea4.mp4 */; };
		50F091672BCED8C200AF2C73 /* BreathingView.swift in Sources */ = {isa = PBXBuildFile; fileRef = 50F091662BCED8C200AF2C73 /* BreathingView.swift */; };
		50F0916B2BCEDA1300AF2C73 /* Constants.swift in Sources */ = {isa = PBXBuildFile; fileRef = 50F0916A2BCEDA1300AF2C73 /* Constants.swift */; };
		CE3E9CAB2BCDCCB90080E6FF /* MandalaExercice.swift in Sources */ = {isa = PBXBuildFile; fileRef = CE3E9CAA2BCDCCB90080E6FF /* MandalaExercice.swift */; };
		CE3E9CB42BCDD2180080E6FF /* chill_4.mp3 in Resources */ = {isa = PBXBuildFile; fileRef = CE3E9CAF2BCDD2170080E6FF /* chill_4.mp3 */; };
		CE3E9CB52BCDD2180080E6FF /* chill_0.mp3 in Resources */ = {isa = PBXBuildFile; fileRef = CE3E9CB02BCDD2170080E6FF /* chill_0.mp3 */; };
		CE3E9CB62BCDD2180080E6FF /* chill_1.mp3 in Resources */ = {isa = PBXBuildFile; fileRef = CE3E9CB12BCDD2170080E6FF /* chill_1.mp3 */; };
		CE3E9CB72BCDD2180080E6FF /* chill_2.mp3 in Resources */ = {isa = PBXBuildFile; fileRef = CE3E9CB22BCDD2180080E6FF /* chill_2.mp3 */; };
		CE3E9CB82BCDD2180080E6FF /* chill_3.mp3 in Resources */ = {isa = PBXBuildFile; fileRef = CE3E9CB32BCDD2180080E6FF /* chill_3.mp3 */; };
		CE3E9CBA2BCDD4620080E6FF /* bellsound.mp3 in Resources */ = {isa = PBXBuildFile; fileRef = CE3E9CB92BCDD4620080E6FF /* bellsound.mp3 */; };
		CE3E9CBD2BCDD6930080E6FF /* MandalaManager.swift in Sources */ = {isa = PBXBuildFile; fileRef = CE3E9CBC2BCDD6930080E6FF /* MandalaManager.swift */; };
		CE3E9CC42BCDE2C00080E6FF /* ExerciceSubtitle.swift in Sources */ = {isa = PBXBuildFile; fileRef = CE3E9CC32BCDE2C00080E6FF /* ExerciceSubtitle.swift */; };
		CE3E9CC62BCDE83C0080E6FF /* ExerciceProgressBar.swift in Sources */ = {isa = PBXBuildFile; fileRef = CE3E9CC52BCDE83C0080E6FF /* ExerciceProgressBar.swift */; };
		CE3E9CC72BCDF28C0080E6FF /* mandala_0.mp4 in Resources */ = {isa = PBXBuildFile; fileRef = CE3E9CC02BCDDF2D0080E6FF /* mandala_0.mp4 */; };
		CE3E9CC82BCDF28F0080E6FF /* mandala_1.mp4 in Resources */ = {isa = PBXBuildFile; fileRef = CE3E9CBF2BCDDF2D0080E6FF /* mandala_1.mp4 */; };
		CE3E9CCA2BCF19B90080E6FF /* PositiveAffirmationsExercice.swift in Sources */ = {isa = PBXBuildFile; fileRef = CE3E9CC92BCF19B90080E6FF /* PositiveAffirmationsExercice.swift */; };
		CEB8B0A62BCF271200DFE913 /* ScratchCard.swift in Sources */ = {isa = PBXBuildFile; fileRef = CEB8B0A52BCF271200DFE913 /* ScratchCard.swift */; };
		CEB8B0A82BCF31B200DFE913 /* ExerciceProgressBar_2.swift in Sources */ = {isa = PBXBuildFile; fileRef = CEB8B0A72BCF31B200DFE913 /* ExerciceProgressBar_2.swift */; };
		CEB8B0AB2BD0588900DFE913 /* LazyFitnessExercice.swift in Sources */ = {isa = PBXBuildFile; fileRef = CEB8B0AA2BD0588900DFE913 /* LazyFitnessExercice.swift */; };
		CEB8B0AD2BD05E6900DFE913 /* ManifestingExercice.swift in Sources */ = {isa = PBXBuildFile; fileRef = CEB8B0AC2BD05E6900DFE913 /* ManifestingExercice.swift */; };
/* End PBXBuildFile section */

/* Begin PBXFileReference section */
		43030A5C2AFFC66900E4CA6B /* SubTopicViewModel.swift */ = {isa = PBXFileReference; lastKnownFileType = sourcecode.swift; path = SubTopicViewModel.swift; sourceTree = "<group>"; };
		43030A612AFFDE1600E4CA6B /* QuestionViewModel.swift */ = {isa = PBXFileReference; lastKnownFileType = sourcecode.swift; path = QuestionViewModel.swift; sourceTree = "<group>"; };
		43057A732B062DC600292548 /* UserDashboardView.swift */ = {isa = PBXFileReference; lastKnownFileType = sourcecode.swift; path = UserDashboardView.swift; sourceTree = "<group>"; };
		43057A752B062E6700292548 /* UserManager.swift */ = {isa = PBXFileReference; lastKnownFileType = sourcecode.swift; path = UserManager.swift; sourceTree = "<group>"; };
		43057A772B06511800292548 /* SmallNavButton.swift */ = {isa = PBXFileReference; lastKnownFileType = sourcecode.swift; path = SmallNavButton.swift; sourceTree = "<group>"; };
		432A05422B174B6C0055185B /* storeKitFile.storekit */ = {isa = PBXFileReference; lastKnownFileType = text; path = storeKitFile.storekit; sourceTree = "<group>"; };
		432A05532B1784660055185B /* ShopView.swift */ = {isa = PBXFileReference; lastKnownFileType = sourcecode.swift; path = ShopView.swift; sourceTree = "<group>"; };
		433AEF942AFE633300449F10 /* Allwise2.app */ = {isa = PBXFileReference; explicitFileType = wrapper.application; includeInIndex = 0; path = Allwise2.app; sourceTree = BUILT_PRODUCTS_DIR; };
		433AEF972AFE633300449F10 /* Allwise2App.swift */ = {isa = PBXFileReference; lastKnownFileType = sourcecode.swift; path = Allwise2App.swift; sourceTree = "<group>"; };
		433AEF9B2AFE633500449F10 /* Assets.xcassets */ = {isa = PBXFileReference; lastKnownFileType = folder.assetcatalog; path = Assets.xcassets; sourceTree = "<group>"; };
		433AEF9E2AFE633500449F10 /* Preview Assets.xcassets */ = {isa = PBXFileReference; lastKnownFileType = folder.assetcatalog; path = "Preview Assets.xcassets"; sourceTree = "<group>"; };
		433AEFA62AFE635500449F10 /* Models.swift */ = {isa = PBXFileReference; lastKnownFileType = sourcecode.swift; path = Models.swift; sourceTree = "<group>"; };
		433AEFAB2AFE663800449F10 /* TopicsView.swift */ = {isa = PBXFileReference; lastKnownFileType = sourcecode.swift; path = TopicsView.swift; sourceTree = "<group>"; };
		433AEFAE2AFE6B1300449F10 /* AppViewModel.swift */ = {isa = PBXFileReference; lastKnownFileType = sourcecode.swift; path = AppViewModel.swift; sourceTree = "<group>"; };
		433AEFB02AFE6B5800449F10 /* MockData.swift */ = {isa = PBXFileReference; lastKnownFileType = sourcecode.swift; path = MockData.swift; sourceTree = "<group>"; };
		433AEFB42AFE724900449F10 /* TopicButton.swift */ = {isa = PBXFileReference; lastKnownFileType = sourcecode.swift; path = TopicButton.swift; sourceTree = "<group>"; };
		433AEFB82AFE730B00449F10 /* TopicsViewViewModel.swift */ = {isa = PBXFileReference; lastKnownFileType = sourcecode.swift; path = TopicsViewViewModel.swift; sourceTree = "<group>"; };
		433AEFBA2AFE748C00449F10 /* SubTopicView.swift */ = {isa = PBXFileReference; lastKnownFileType = sourcecode.swift; path = SubTopicView.swift; sourceTree = "<group>"; };
		433DACB32B1628E60019A7CB /* StoreKitManager.swift */ = {isa = PBXFileReference; lastKnownFileType = sourcecode.swift; path = StoreKitManager.swift; sourceTree = "<group>"; };
		4347CEDC2B03BBD3004531B4 /* ResultOverlay.swift */ = {isa = PBXFileReference; lastKnownFileType = sourcecode.swift; path = ResultOverlay.swift; sourceTree = "<group>"; };
		4347CEDE2B03BC37004531B4 /* ValidationButton.swift */ = {isa = PBXFileReference; lastKnownFileType = sourcecode.swift; path = ValidationButton.swift; sourceTree = "<group>"; };
		4347CEE02B03BC87004531B4 /* SingleSelectButton.swift */ = {isa = PBXFileReference; lastKnownFileType = sourcecode.swift; path = SingleSelectButton.swift; sourceTree = "<group>"; };
		4347CEE42B03CE15004531B4 /* QuitQuestionViewOverlay.swift */ = {isa = PBXFileReference; lastKnownFileType = sourcecode.swift; path = QuitQuestionViewOverlay.swift; sourceTree = "<group>"; };
		4351DF652B079AE800D441E9 /* ColorsExtensions.swift */ = {isa = PBXFileReference; lastKnownFileType = sourcecode.swift; path = ColorsExtensions.swift; sourceTree = "<group>"; };
		43785F212B0293AD000BBD76 /* SelectLessonsView.swift */ = {isa = PBXFileReference; lastKnownFileType = sourcecode.swift; path = SelectLessonsView.swift; sourceTree = "<group>"; };
		4378D20F2B0CBAEF00736633 /* HomeView.swift */ = {isa = PBXFileReference; lastKnownFileType = sourcecode.swift; path = HomeView.swift; sourceTree = "<group>"; };
		4378D2112B0CBED300736633 /* ResultOverlayViewModel.swift */ = {isa = PBXFileReference; lastKnownFileType = sourcecode.swift; path = ResultOverlayViewModel.swift; sourceTree = "<group>"; };
		4382423B2B04C1EC00CC321C /* ErrorsView.swift */ = {isa = PBXFileReference; lastKnownFileType = sourcecode.swift; path = ErrorsView.swift; sourceTree = "<group>"; };
		4382423D2B04D76F00CC321C /* ResultView.swift */ = {isa = PBXFileReference; lastKnownFileType = sourcecode.swift; path = ResultView.swift; sourceTree = "<group>"; };
		438242422B04DCED00CC321C /* ResultViewViewModel.swift */ = {isa = PBXFileReference; lastKnownFileType = sourcecode.swift; path = ResultViewViewModel.swift; sourceTree = "<group>"; };
		438242442B04E11500CC321C /* ContinueButton.swift */ = {isa = PBXFileReference; lastKnownFileType = sourcecode.swift; path = ContinueButton.swift; sourceTree = "<group>"; };
		4383ADB92B1A22610041532B /* ConsumableShopView.swift */ = {isa = PBXFileReference; lastKnownFileType = sourcecode.swift; path = ConsumableShopView.swift; sourceTree = "<group>"; };
		4399F4F92AFE80E6007005B0 /* CircularProgressBar.swift */ = {isa = PBXFileReference; lastKnownFileType = sourcecode.swift; path = CircularProgressBar.swift; sourceTree = "<group>"; };
		4399F4FB2AFE8F2A007005B0 /* QuestionQCMView.swift */ = {isa = PBXFileReference; lastKnownFileType = sourcecode.swift; path = QuestionQCMView.swift; sourceTree = "<group>"; };
		4399F4FD2AFE9434007005B0 /* CustomProgressBar.swift */ = {isa = PBXFileReference; lastKnownFileType = sourcecode.swift; path = CustomProgressBar.swift; sourceTree = "<group>"; };
		43B2651D2B1115480014DC1B /* OnboardingView.swift */ = {isa = PBXFileReference; lastKnownFileType = sourcecode.swift; path = OnboardingView.swift; sourceTree = "<group>"; };
		43B265212B1115710014DC1B /* OnboardingViewModel.swift */ = {isa = PBXFileReference; lastKnownFileType = sourcecode.swift; path = OnboardingViewModel.swift; sourceTree = "<group>"; };
		43B265232B1115D30014DC1B /* SelectFirstLessonView.swift */ = {isa = PBXFileReference; lastKnownFileType = sourcecode.swift; path = SelectFirstLessonView.swift; sourceTree = "<group>"; };
		43B265252B11169B0014DC1B /* LessonButton.swift */ = {isa = PBXFileReference; lastKnownFileType = sourcecode.swift; path = LessonButton.swift; sourceTree = "<group>"; };
		43B265272B111D450014DC1B /* GeneralKnowledgeLevelView.swift */ = {isa = PBXFileReference; lastKnownFileType = sourcecode.swift; path = GeneralKnowledgeLevelView.swift; sourceTree = "<group>"; };
		43B2652B2B11543C0014DC1B /* SelfImprovementReasonsVie.swift */ = {isa = PBXFileReference; lastKnownFileType = sourcecode.swift; path = SelfImprovementReasonsVie.swift; sourceTree = "<group>"; };
		43B2652D2B1159C60014DC1B /* WhatYouCanAchieveView.swift */ = {isa = PBXFileReference; lastKnownFileType = sourcecode.swift; path = WhatYouCanAchieveView.swift; sourceTree = "<group>"; };
		43B2652F2B11637B0014DC1B /* Transitions.swift */ = {isa = PBXFileReference; lastKnownFileType = sourcecode.swift; path = Transitions.swift; sourceTree = "<group>"; };
		43C6BBB82B050391003134C2 /* BuyNewLifesOverlay.swift */ = {isa = PBXFileReference; lastKnownFileType = sourcecode.swift; path = BuyNewLifesOverlay.swift; sourceTree = "<group>"; };
		43DCEEBE2B062030007858EE /* LifesManager.swift */ = {isa = PBXFileReference; lastKnownFileType = sourcecode.swift; path = LifesManager.swift; sourceTree = "<group>"; };
		43F2F43A2B0E3EF200BF28AD /* MatchingViewModel.swift */ = {isa = PBXFileReference; lastKnownFileType = sourcecode.swift; path = MatchingViewModel.swift; sourceTree = "<group>"; };
		43F2F4582B0E6DB000BF28AD /* MatchView.swift */ = {isa = PBXFileReference; lastKnownFileType = sourcecode.swift; path = MatchView.swift; sourceTree = "<group>"; };
		43F2F45A2B0F654100BF28AD /* MatchingButton.swift */ = {isa = PBXFileReference; lastKnownFileType = sourcecode.swift; path = MatchingButton.swift; sourceTree = "<group>"; };
		5024BDCB2BCECEE600297F4F /* HapticManager.swift */ = {isa = PBXFileReference; lastKnownFileType = sourcecode.swift; path = HapticManager.swift; sourceTree = "<group>"; };
		5024BDCE2BCECF1200297F4F /* AudioPlayer.swift */ = {isa = PBXFileReference; lastKnownFileType = sourcecode.swift; path = AudioPlayer.swift; sourceTree = "<group>"; };
		5073CA1A2BD91864009C709A /* MeditationView.swift */ = {isa = PBXFileReference; lastKnownFileType = sourcecode.swift; path = MeditationView.swift; sourceTree = "<group>"; };
		5073CA1F2BD91AED009C709A /* MainProgressBarViewModel.swift */ = {isa = PBXFileReference; lastKnownFileType = sourcecode.swift; path = MainProgressBarViewModel.swift; sourceTree = "<group>"; };
		5073CA212BD91B0A009C709A /* SessionProgressBar.swift */ = {isa = PBXFileReference; lastKnownFileType = sourcecode.swift; path = SessionProgressBar.swift; sourceTree = "<group>"; };
		5073CA242BD9390F009C709A /* Consigne.swift */ = {isa = PBXFileReference; lastKnownFileType = sourcecode.swift; path = Consigne.swift; sourceTree = "<group>"; };
		5073CA272BD939D0009C709A /* MeditationCanvasView.swift */ = {isa = PBXFileReference; lastKnownFileType = sourcecode.swift; path = MeditationCanvasView.swift; sourceTree = "<group>"; };
		508F778A2BD94EB300FADABC /* rain1.mp4 */ = {isa = PBXFileReference; lastKnownFileType = file; name = rain1.mp4; path = ../../../../../../../../../../Downloads/rain1.mp4; sourceTree = "<group>"; };
		508F778D2BD94FB600FADABC /* VideoPlayerView.swift */ = {isa = PBXFileReference; lastKnownFileType = sourcecode.swift; path = VideoPlayerView.swift; sourceTree = "<group>"; };
		508F778F2BD955F800FADABC /* rain2.mp4 */ = {isa = PBXFileReference; lastKnownFileType = file; name = rain2.mp4; path = ../../../../../../../../../../Downloads/rain2.mp4; sourceTree = "<group>"; };
		508F77922BD958AF00FADABC /* HeaderGradient.swift */ = {isa = PBXFileReference; lastKnownFileType = sourcecode.swift; path = HeaderGradient.swift; sourceTree = "<group>"; };
		508F77962BD9650B00FADABC /* cloud1.mp4 */ = {isa = PBXFileReference; lastKnownFileType = file; path = cloud1.mp4; sourceTree = "<group>"; };
		508F77982BD9654000FADABC /* rain3.mp4 */ = {isa = PBXFileReference; lastKnownFileType = file; name = rain3.mp4; path = ../../../../../../../../../../Downloads/rain3.mp4; sourceTree = "<group>"; };
		508F779A2BD9657E00FADABC /* rain4.mp4 */ = {isa = PBXFileReference; lastKnownFileType = file; name = rain4.mp4; path = ../../../../../../../../../../Downloads/rain4.mp4; sourceTree = "<group>"; };
		508F779F2BD9660000FADABC /* city2.mp4 */ = {isa = PBXFileReference; lastKnownFileType = file; name = city2.mp4; path = ../../../../../../../../../../Downloads/city2.mp4; sourceTree = "<group>"; };
		508F77A12BD9660A00FADABC /* city1.mp4 */ = {isa = PBXFileReference; lastKnownFileType = file; path = city1.mp4; sourceTree = "<group>"; };
		508F77A62BD9675C00FADABC /* sea1.mp4 */ = {isa = PBXFileReference; lastKnownFileType = file; name = sea1.mp4; path = ../../../../../../../../../../Downloads/sea1.mp4; sourceTree = "<group>"; };
		508F77A82BD9677F00FADABC /* sea2.mp4 */ = {isa = PBXFileReference; lastKnownFileType = file; name = sea2.mp4; path = ../../../../../../../../../../Downloads/sea2.mp4; sourceTree = "<group>"; };
		508F77AA2BD967DE00FADABC /* sea3.mp4 */ = {isa = PBXFileReference; lastKnownFileType = file; name = sea3.mp4; path = ../../../../../../../../../../Downloads/sea3.mp4; sourceTree = "<group>"; };
		508F77AC2BD9682E00FADABC /* sea4.mp4 */ = {isa = PBXFileReference; lastKnownFileType = file; name = sea4.mp4; path = ../../../../../../../../../../Downloads/sea4.mp4; sourceTree = "<group>"; };
		50F091662BCED8C200AF2C73 /* BreathingView.swift */ = {isa = PBXFileReference; lastKnownFileType = sourcecode.swift; path = BreathingView.swift; sourceTree = "<group>"; };
		50F0916A2BCEDA1300AF2C73 /* Constants.swift */ = {isa = PBXFileReference; lastKnownFileType = sourcecode.swift; path = Constants.swift; sourceTree = "<group>"; };
		CE3E9CAA2BCDCCB90080E6FF /* MandalaExercice.swift */ = {isa = PBXFileReference; lastKnownFileType = sourcecode.swift; path = MandalaExercice.swift; sourceTree = "<group>"; };
		CE3E9CAF2BCDD2170080E6FF /* chill_4.mp3 */ = {isa = PBXFileReference; lastKnownFileType = audio.mp3; path = chill_4.mp3; sourceTree = "<group>"; };
		CE3E9CB02BCDD2170080E6FF /* chill_0.mp3 */ = {isa = PBXFileReference; lastKnownFileType = audio.mp3; path = chill_0.mp3; sourceTree = "<group>"; };
		CE3E9CB12BCDD2170080E6FF /* chill_1.mp3 */ = {isa = PBXFileReference; lastKnownFileType = audio.mp3; path = chill_1.mp3; sourceTree = "<group>"; };
		CE3E9CB22BCDD2180080E6FF /* chill_2.mp3 */ = {isa = PBXFileReference; lastKnownFileType = audio.mp3; path = chill_2.mp3; sourceTree = "<group>"; };
		CE3E9CB32BCDD2180080E6FF /* chill_3.mp3 */ = {isa = PBXFileReference; lastKnownFileType = audio.mp3; path = chill_3.mp3; sourceTree = "<group>"; };
		CE3E9CB92BCDD4620080E6FF /* bellsound.mp3 */ = {isa = PBXFileReference; lastKnownFileType = audio.mp3; path = bellsound.mp3; sourceTree = "<group>"; };
		CE3E9CBC2BCDD6930080E6FF /* MandalaManager.swift */ = {isa = PBXFileReference; lastKnownFileType = sourcecode.swift; path = MandalaManager.swift; sourceTree = "<group>"; };
		CE3E9CBF2BCDDF2D0080E6FF /* mandala_1.mp4 */ = {isa = PBXFileReference; lastKnownFileType = file; path = mandala_1.mp4; sourceTree = "<group>"; };
		CE3E9CC02BCDDF2D0080E6FF /* mandala_0.mp4 */ = {isa = PBXFileReference; lastKnownFileType = file; path = mandala_0.mp4; sourceTree = "<group>"; };
		CE3E9CC32BCDE2C00080E6FF /* ExerciceSubtitle.swift */ = {isa = PBXFileReference; lastKnownFileType = sourcecode.swift; path = ExerciceSubtitle.swift; sourceTree = "<group>"; };
		CE3E9CC52BCDE83C0080E6FF /* ExerciceProgressBar.swift */ = {isa = PBXFileReference; lastKnownFileType = sourcecode.swift; path = ExerciceProgressBar.swift; sourceTree = "<group>"; };
		CE3E9CC92BCF19B90080E6FF /* PositiveAffirmationsExercice.swift */ = {isa = PBXFileReference; lastKnownFileType = sourcecode.swift; name = PositiveAffirmationsExercice.swift; path = Allwise2/Core/V2/Exercices/Affirmations/PositiveAffirmationsExercice.swift; sourceTree = SOURCE_ROOT; };
		CEB8B0A52BCF271200DFE913 /* ScratchCard.swift */ = {isa = PBXFileReference; lastKnownFileType = sourcecode.swift; path = ScratchCard.swift; sourceTree = "<group>"; };
		CEB8B0A72BCF31B200DFE913 /* ExerciceProgressBar_2.swift */ = {isa = PBXFileReference; lastKnownFileType = sourcecode.swift; path = ExerciceProgressBar_2.swift; sourceTree = "<group>"; };
		CEB8B0AA2BD0588900DFE913 /* LazyFitnessExercice.swift */ = {isa = PBXFileReference; lastKnownFileType = sourcecode.swift; path = LazyFitnessExercice.swift; sourceTree = "<group>"; };
		CEB8B0AC2BD05E6900DFE913 /* ManifestingExercice.swift */ = {isa = PBXFileReference; lastKnownFileType = sourcecode.swift; name = ManifestingExercice.swift; path = Allwise2/Core/V2/Exercices/Manifestation/ManifestingExercice.swift; sourceTree = SOURCE_ROOT; };
/* End PBXFileReference section */

/* Begin PBXFrameworksBuildPhase section */
		433AEF912AFE633300449F10 /* Frameworks */ = {
			isa = PBXFrameworksBuildPhase;
			buildActionMask = 2147483647;
			files = (
			);
			runOnlyForDeploymentPostprocessing = 0;
		};
/* End PBXFrameworksBuildPhase section */

/* Begin PBXGroup section */
		43030A5B2AFFC65C00E4CA6B /* SubTopic */ = {
			isa = PBXGroup;
			children = (
				43030A5C2AFFC66900E4CA6B /* SubTopicViewModel.swift */,
				433AEFBA2AFE748C00449F10 /* SubTopicView.swift */,
			);
			path = SubTopic;
			sourceTree = "<group>";
		};
		43030A5E2AFFDDF300E4CA6B /* Questions */ = {
			isa = PBXGroup;
			children = (
				43F2F4392B0E3EDF00BF28AD /* Matching */,
				4351DF6A2B07A44A00D441E9 /* QCM */,
			);
			path = Questions;
			sourceTree = "<group>";
		};
		43030A5F2AFFDDF700E4CA6B /* ViewModel */ = {
			isa = PBXGroup;
			children = (
				43030A612AFFDE1600E4CA6B /* QuestionViewModel.swift */,
			);
			path = ViewModel;
			sourceTree = "<group>";
		};
		43030A602AFFDDFC00E4CA6B /* View */ = {
			isa = PBXGroup;
			children = (
				4399F4FB2AFE8F2A007005B0 /* QuestionQCMView.swift */,
			);
			path = View;
			sourceTree = "<group>";
		};
		43057A722B062DB700292548 /* UserDashboard */ = {
			isa = PBXGroup;
			children = (
				43057A732B062DC600292548 /* UserDashboardView.swift */,
			);
			path = UserDashboard;
			sourceTree = "<group>";
		};
		432A05522B1784560055185B /* Shops */ = {
			isa = PBXGroup;
			children = (
				432A05532B1784660055185B /* ShopView.swift */,
				4383ADB92B1A22610041532B /* ConsumableShopView.swift */,
			);
			path = Shops;
			sourceTree = "<group>";
		};
		433AEF8B2AFE633300449F10 = {
			isa = PBXGroup;
			children = (
				433AEF962AFE633300449F10 /* Allwise2 */,
				433AEF952AFE633300449F10 /* Products */,
			);
			sourceTree = "<group>";
		};
		433AEF952AFE633300449F10 /* Products */ = {
			isa = PBXGroup;
			children = (
				433AEF942AFE633300449F10 /* Allwise2.app */,
			);
			name = Products;
			sourceTree = "<group>";
		};
		433AEF962AFE633300449F10 /* Allwise2 */ = {
			isa = PBXGroup;
			children = (
				433AEF972AFE633300449F10 /* Allwise2App.swift */,
				4378D20F2B0CBAEF00736633 /* HomeView.swift */,
				433AEFAE2AFE6B1300449F10 /* AppViewModel.swift */,
				433AEFB22AFE723900449F10 /* Components */,
				433AEFA82AFE636900449F10 /* Core */,
				4399F4F82AFE7CE1007005B0 /* Data */,
				4351DF642B079ADE00D441E9 /* Extensions */,
				5024BDD02BCED16B00297F4F /* Medias */,
				433AEFAD2AFE6AFC00449F10 /* Managers */,
				433AEFA52AFE634D00449F10 /* Models */,
				50F091682BCEDA0200AF2C73 /* Tools */,
				433AEF9B2AFE633500449F10 /* Assets.xcassets */,
				433AEF9D2AFE633500449F10 /* Preview Content */,
			);
			path = Allwise2;
			sourceTree = "<group>";
		};
		433AEF9D2AFE633500449F10 /* Preview Content */ = {
			isa = PBXGroup;
			children = (
				433AEF9E2AFE633500449F10 /* Preview Assets.xcassets */,
			);
			path = "Preview Content";
			sourceTree = "<group>";
		};
		433AEFA52AFE634D00449F10 /* Models */ = {
			isa = PBXGroup;
			children = (
				433AEFA62AFE635500449F10 /* Models.swift */,
			);
			path = Models;
			sourceTree = "<group>";
		};
		433AEFA82AFE636900449F10 /* Core */ = {
			isa = PBXGroup;
			children = (
				CE3E9CA82BCAEFDB0080E6FF /* V2 */,
				432A05522B1784560055185B /* Shops */,
				43B2651C2B11152D0014DC1B /* Onboarding */,
				43785F1E2B029395000BBD76 /* Lessons */,
				433AEFB62AFE72F900449F10 /* Topics */,
				43030A5B2AFFC65C00E4CA6B /* SubTopic */,
				43030A5E2AFFDDF300E4CA6B /* Questions */,
				43057A722B062DB700292548 /* UserDashboard */,
			);
			path = Core;
			sourceTree = "<group>";
		};
		433AEFAD2AFE6AFC00449F10 /* Managers */ = {
			isa = PBXGroup;
			children = (
				5024BDCD2BCECEFF00297F4F /* AudioPlayer */,
				50F0916E2BCEDF4C00AF2C73 /* LifesManager */,
				5024BDCA2BCECED400297F4F /* HapticManager */,
				CE3E9CBB2BCDD6840080E6FF /* Exercices */,
				50F0916C2BCEDF3600AF2C73 /* StoreKit */,
				50F0916D2BCEDF4500AF2C73 /* UserManager */,
			);
			path = Managers;
			sourceTree = "<group>";
		};
		433AEFB22AFE723900449F10 /* Components */ = {
			isa = PBXGroup;
			children = (
				508F77912BD9589400FADABC /* HeaderGradient */,
				508F778C2BD94FAA00FADABC /* VideoPlayer */,
				CE3E9CC12BCDE2800080E6FF /* V2 */,
				4382423F2B04DCD800CC321C /* ResultView */,
				4382423A2B04C1DA00CC321C /* ExtraViews */,
				4347CEE32B03BCC7004531B4 /* ProgressBars */,
				4347CEE22B03BCC2004531B4 /* Overlays */,
				433AEFB32AFE723D00449F10 /* Buttons */,
			);
			path = Components;
			sourceTree = "<group>";
		};
		433AEFB32AFE723D00449F10 /* Buttons */ = {
			isa = PBXGroup;
			children = (
				438242442B04E11500CC321C /* ContinueButton.swift */,
				43B265252B11169B0014DC1B /* LessonButton.swift */,
				43F2F45A2B0F654100BF28AD /* MatchingButton.swift */,
				4347CEE02B03BC87004531B4 /* SingleSelectButton.swift */,
				43057A772B06511800292548 /* SmallNavButton.swift */,
				433AEFB42AFE724900449F10 /* TopicButton.swift */,
				4347CEDE2B03BC37004531B4 /* ValidationButton.swift */,
			);
			path = Buttons;
			sourceTree = "<group>";
		};
		433AEFB62AFE72F900449F10 /* Topics */ = {
			isa = PBXGroup;
			children = (
				433AEFB82AFE730B00449F10 /* TopicsViewViewModel.swift */,
				433AEFAB2AFE663800449F10 /* TopicsView.swift */,
			);
			path = Topics;
			sourceTree = "<group>";
		};
		4347CEE22B03BCC2004531B4 /* Overlays */ = {
			isa = PBXGroup;
			children = (
				4378D2132B0CBEEF00736633 /* ResultOverlay */,
				4347CEE42B03CE15004531B4 /* QuitQuestionViewOverlay.swift */,
				43C6BBB82B050391003134C2 /* BuyNewLifesOverlay.swift */,
			);
			path = Overlays;
			sourceTree = "<group>";
		};
		4347CEE32B03BCC7004531B4 /* ProgressBars */ = {
			isa = PBXGroup;
			children = (
				5073CA1C2BD91A96009C709A /* Main */,
				5073CA1E2BD91AC1009C709A /* Linear */,
				5073CA1D2BD91A9D009C709A /* Circular */,
			);
			path = ProgressBars;
			sourceTree = "<group>";
		};
		4351DF642B079ADE00D441E9 /* Extensions */ = {
			isa = PBXGroup;
			children = (
				4351DF652B079AE800D441E9 /* ColorsExtensions.swift */,
				43B2652F2B11637B0014DC1B /* Transitions.swift */,
			);
			path = Extensions;
			sourceTree = "<group>";
		};
		4351DF6A2B07A44A00D441E9 /* QCM */ = {
			isa = PBXGroup;
			children = (
				43030A5F2AFFDDF700E4CA6B /* ViewModel */,
				43030A602AFFDDFC00E4CA6B /* View */,
			);
			path = QCM;
			sourceTree = "<group>";
		};
		43785F1E2B029395000BBD76 /* Lessons */ = {
			isa = PBXGroup;
			children = (
				43785F1F2B0293A0000BBD76 /* ViewModel */,
				43785F202B0293A3000BBD76 /* View */,
			);
			path = Lessons;
			sourceTree = "<group>";
		};
		43785F1F2B0293A0000BBD76 /* ViewModel */ = {
			isa = PBXGroup;
			children = (
			);
			path = ViewModel;
			sourceTree = "<group>";
		};
		43785F202B0293A3000BBD76 /* View */ = {
			isa = PBXGroup;
			children = (
				43785F212B0293AD000BBD76 /* SelectLessonsView.swift */,
			);
			path = View;
			sourceTree = "<group>";
		};
		4378D2132B0CBEEF00736633 /* ResultOverlay */ = {
			isa = PBXGroup;
			children = (
				4378D2112B0CBED300736633 /* ResultOverlayViewModel.swift */,
				4347CEDC2B03BBD3004531B4 /* ResultOverlay.swift */,
			);
			path = ResultOverlay;
			sourceTree = "<group>";
		};
		4382423A2B04C1DA00CC321C /* ExtraViews */ = {
			isa = PBXGroup;
			children = (
				4382423B2B04C1EC00CC321C /* ErrorsView.swift */,
			);
			path = ExtraViews;
			sourceTree = "<group>";
		};
		4382423F2B04DCD800CC321C /* ResultView */ = {
			isa = PBXGroup;
			children = (
				438242412B04DCE200CC321C /* View */,
				438242402B04DCDB00CC321C /* ViewModel */,
			);
			path = ResultView;
			sourceTree = "<group>";
		};
		438242402B04DCDB00CC321C /* ViewModel */ = {
			isa = PBXGroup;
			children = (
				438242422B04DCED00CC321C /* ResultViewViewModel.swift */,
			);
			path = ViewModel;
			sourceTree = "<group>";
		};
		438242412B04DCE200CC321C /* View */ = {
			isa = PBXGroup;
			children = (
				4382423D2B04D76F00CC321C /* ResultView.swift */,
			);
			path = View;
			sourceTree = "<group>";
		};
		4399F4F82AFE7CE1007005B0 /* Data */ = {
			isa = PBXGroup;
			children = (
				433AEFB02AFE6B5800449F10 /* MockData.swift */,
			);
			path = Data;
			sourceTree = "<group>";
		};
		43B2651C2B11152D0014DC1B /* Onboarding */ = {
			isa = PBXGroup;
			children = (
				43B2651F2B11154F0014DC1B /* Views */,
			);
			path = Onboarding;
			sourceTree = "<group>";
		};
		43B2651F2B11154F0014DC1B /* Views */ = {
			isa = PBXGroup;
			children = (
				43B265202B11155E0014DC1B /* ViewModel */,
				43B2651D2B1115480014DC1B /* OnboardingView.swift */,
				43B265232B1115D30014DC1B /* SelectFirstLessonView.swift */,
				43B265272B111D450014DC1B /* GeneralKnowledgeLevelView.swift */,
				43B2652B2B11543C0014DC1B /* SelfImprovementReasonsVie.swift */,
				43B2652D2B1159C60014DC1B /* WhatYouCanAchieveView.swift */,
			);
			path = Views;
			sourceTree = "<group>";
		};
		43B265202B11155E0014DC1B /* ViewModel */ = {
			isa = PBXGroup;
			children = (
				43B265212B1115710014DC1B /* OnboardingViewModel.swift */,
			);
			path = ViewModel;
			sourceTree = "<group>";
		};
		43F2F4392B0E3EDF00BF28AD /* Matching */ = {
			isa = PBXGroup;
			children = (
				43F2F43A2B0E3EF200BF28AD /* MatchingViewModel.swift */,
				43F2F4582B0E6DB000BF28AD /* MatchView.swift */,
			);
			path = Matching;
			sourceTree = "<group>";
		};
		5024BDCA2BCECED400297F4F /* HapticManager */ = {
			isa = PBXGroup;
			children = (
				5024BDCB2BCECEE600297F4F /* HapticManager.swift */,
			);
			path = HapticManager;
			sourceTree = "<group>";
		};
		5024BDCD2BCECEFF00297F4F /* AudioPlayer */ = {
			isa = PBXGroup;
			children = (
				5024BDCE2BCECF1200297F4F /* AudioPlayer.swift */,
			);
			path = AudioPlayer;
			sourceTree = "<group>";
		};
		5024BDD02BCED16B00297F4F /* Medias */ = {
			isa = PBXGroup;
			children = (
				CE3E9CBE2BCDDF070080E6FF /* Videos */,
				CE3E9CAE2BCDD1C20080E6FF /* Songs */,
			);
			path = Medias;
			sourceTree = "<group>";
		};
		5073CA1C2BD91A96009C709A /* Main */ = {
			isa = PBXGroup;
			children = (
				5073CA1F2BD91AED009C709A /* MainProgressBarViewModel.swift */,
				5073CA212BD91B0A009C709A /* SessionProgressBar.swift */,
			);
			path = Main;
			sourceTree = "<group>";
		};
		5073CA1D2BD91A9D009C709A /* Circular */ = {
			isa = PBXGroup;
			children = (
				4399F4F92AFE80E6007005B0 /* CircularProgressBar.swift */,
			);
			path = Circular;
			sourceTree = "<group>";
		};
		5073CA1E2BD91AC1009C709A /* Linear */ = {
			isa = PBXGroup;
			children = (
				4399F4FD2AFE9434007005B0 /* CustomProgressBar.swift */,
			);
			path = Linear;
			sourceTree = "<group>";
		};
		5073CA232BD93903009C709A /* Consignes */ = {
			isa = PBXGroup;
			children = (
				5073CA242BD9390F009C709A /* Consigne.swift */,
			);
			path = Consignes;
			sourceTree = "<group>";
		};
		5073CA262BD939BE009C709A /* MeditationCanvasView */ = {
			isa = PBXGroup;
			children = (
				5073CA272BD939D0009C709A /* MeditationCanvasView.swift */,
			);
			path = MeditationCanvasView;
			sourceTree = "<group>";
		};
		508F77892BD94EA300FADABC /* Nature */ = {
			isa = PBXGroup;
			children = (
				508F77962BD9650B00FADABC /* cloud1.mp4 */,
				508F778A2BD94EB300FADABC /* rain1.mp4 */,
				508F778F2BD955F800FADABC /* rain2.mp4 */,
				508F77982BD9654000FADABC /* rain3.mp4 */,
				508F779A2BD9657E00FADABC /* rain4.mp4 */,
				508F77A62BD9675C00FADABC /* sea1.mp4 */,
				508F77A82BD9677F00FADABC /* sea2.mp4 */,
				508F77AA2BD967DE00FADABC /* sea3.mp4 */,
				508F77AC2BD9682E00FADABC /* sea4.mp4 */,
			);
			path = Nature;
			sourceTree = "<group>";
		};
		508F778C2BD94FAA00FADABC /* VideoPlayer */ = {
			isa = PBXGroup;
			children = (
				508F778D2BD94FB600FADABC /* VideoPlayerView.swift */,
			);
			path = VideoPlayer;
			sourceTree = "<group>";
		};
		508F77912BD9589400FADABC /* HeaderGradient */ = {
			isa = PBXGroup;
			children = (
				508F77922BD958AF00FADABC /* HeaderGradient.swift */,
			);
			path = HeaderGradient;
			sourceTree = "<group>";
		};
		508F779E2BD965D400FADABC /* City */ = {
			isa = PBXGroup;
			children = (
				508F77A12BD9660A00FADABC /* city1.mp4 */,
				508F779F2BD9660000FADABC /* city2.mp4 */,
			);
			path = City;
			sourceTree = "<group>";
		};
		50F091622BCED88C00AF2C73 /* Meditation */ = {
			isa = PBXGroup;
			children = (
				CE3E9CAA2BCDCCB90080E6FF /* MandalaExercice.swift */,
				5073CA1A2BD91864009C709A /* MeditationView.swift */,
			);
			path = Meditation;
			sourceTree = "<group>";
		};
		50F091632BCED89800AF2C73 /* Breathwork */ = {
			isa = PBXGroup;
			children = (
				50F091662BCED8C200AF2C73 /* BreathingView.swift */,
			);
			path = Breathwork;
			sourceTree = "<group>";
		};
		50F091682BCEDA0200AF2C73 /* Tools */ = {
			isa = PBXGroup;
			children = (
				50F091692BCEDA0800AF2C73 /* Contants */,
			);
			path = Tools;
			sourceTree = "<group>";
		};
		50F091692BCEDA0800AF2C73 /* Contants */ = {
			isa = PBXGroup;
			children = (
				50F0916A2BCEDA1300AF2C73 /* Constants.swift */,
			);
			path = Contants;
			sourceTree = "<group>";
		};
		50F0916C2BCEDF3600AF2C73 /* StoreKit */ = {
			isa = PBXGroup;
			children = (
				433DACB32B1628E60019A7CB /* StoreKitManager.swift */,
				432A05422B174B6C0055185B /* storeKitFile.storekit */,
			);
			path = StoreKit;
			sourceTree = "<group>";
		};
		50F0916D2BCEDF4500AF2C73 /* UserManager */ = {
			isa = PBXGroup;
			children = (
				43057A752B062E6700292548 /* UserManager.swift */,
			);
			path = UserManager;
			sourceTree = "<group>";
		};
		50F0916E2BCEDF4C00AF2C73 /* LifesManager */ = {
			isa = PBXGroup;
			children = (
				43DCEEBE2B062030007858EE /* LifesManager.swift */,
			);
			path = LifesManager;
			sourceTree = "<group>";
		};
		CE3E9CA82BCAEFDB0080E6FF /* V2 */ = {
			isa = PBXGroup;
			children = (
				CE3E9CA92BCAEFEA0080E6FF /* Exercices */,
			);
			path = V2;
			sourceTree = "<group>";
		};
		CE3E9CA92BCAEFEA0080E6FF /* Exercices */ = {
			isa = PBXGroup;
			children = (
				CEB8B0AF2BD0716D00DFE913 /* Affirmations */,
				CEB8B0AE2BD0715500DFE913 /* Manifestation */,
				CEB8B0A92BD0587200DFE913 /* LazyFitness */,
				50F091632BCED89800AF2C73 /* Breathwork */,
				50F091622BCED88C00AF2C73 /* Meditation */,
			);
			path = Exercices;
			sourceTree = "<group>";
		};
		CE3E9CAE2BCDD1C20080E6FF /* Songs */ = {
			isa = PBXGroup;
			children = (
				CE3E9CB92BCDD4620080E6FF /* bellsound.mp3 */,
				CE3E9CB02BCDD2170080E6FF /* chill_0.mp3 */,
				CE3E9CB12BCDD2170080E6FF /* chill_1.mp3 */,
				CE3E9CB22BCDD2180080E6FF /* chill_2.mp3 */,
				CE3E9CB32BCDD2180080E6FF /* chill_3.mp3 */,
				CE3E9CAF2BCDD2170080E6FF /* chill_4.mp3 */,
			);
			path = Songs;
			sourceTree = "<group>";
		};
		CE3E9CBB2BCDD6840080E6FF /* Exercices */ = {
			isa = PBXGroup;
			children = (
				CE3E9CBC2BCDD6930080E6FF /* MandalaManager.swift */,
			);
			path = Exercices;
			sourceTree = "<group>";
		};
		CE3E9CBE2BCDDF070080E6FF /* Videos */ = {
			isa = PBXGroup;
			children = (
				508F779E2BD965D400FADABC /* City */,
				508F77892BD94EA300FADABC /* Nature */,
				CE3E9CC02BCDDF2D0080E6FF /* mandala_0.mp4 */,
				CE3E9CBF2BCDDF2D0080E6FF /* mandala_1.mp4 */,
			);
			path = Videos;
			sourceTree = "<group>";
		};
		CE3E9CC12BCDE2800080E6FF /* V2 */ = {
			isa = PBXGroup;
			children = (
				5073CA262BD939BE009C709A /* MeditationCanvasView */,
				5073CA232BD93903009C709A /* Consignes */,
				CE3E9CC22BCDE29B0080E6FF /* ExercicesViews */,
			);
			path = V2;
			sourceTree = "<group>";
		};
		CE3E9CC22BCDE29B0080E6FF /* ExercicesViews */ = {
			isa = PBXGroup;
			children = (
				CE3E9CC32BCDE2C00080E6FF /* ExerciceSubtitle.swift */,
				CE3E9CC52BCDE83C0080E6FF /* ExerciceProgressBar.swift */,
				CEB8B0A72BCF31B200DFE913 /* ExerciceProgressBar_2.swift */,
				CEB8B0A52BCF271200DFE913 /* ScratchCard.swift */,
			);
			path = ExercicesViews;
			sourceTree = "<group>";
		};
		CEB8B0A92BD0587200DFE913 /* LazyFitness */ = {
			isa = PBXGroup;
			children = (
				CEB8B0AA2BD0588900DFE913 /* LazyFitnessExercice.swift */,
			);
			path = LazyFitness;
			sourceTree = "<group>";
		};
		CEB8B0AE2BD0715500DFE913 /* Manifestation */ = {
			isa = PBXGroup;
			children = (
				CEB8B0AC2BD05E6900DFE913 /* ManifestingExercice.swift */,
			);
			path = Manifestation;
			sourceTree = "<group>";
		};
		CEB8B0AF2BD0716D00DFE913 /* Affirmations */ = {
			isa = PBXGroup;
			children = (
				CE3E9CC92BCF19B90080E6FF /* PositiveAffirmationsExercice.swift */,
			);
			path = Affirmations;
			sourceTree = "<group>";
		};
/* End PBXGroup section */

/* Begin PBXNativeTarget section */
		433AEF932AFE633300449F10 /* Allwise2 */ = {
			isa = PBXNativeTarget;
			buildConfigurationList = 433AEFA22AFE633500449F10 /* Build configuration list for PBXNativeTarget "Allwise2" */;
			buildPhases = (
				433AEF902AFE633300449F10 /* Sources */,
				433AEF912AFE633300449F10 /* Frameworks */,
				433AEF922AFE633300449F10 /* Resources */,
			);
			buildRules = (
			);
			dependencies = (
			);
			name = Allwise2;
			productName = Allwise2;
			productReference = 433AEF942AFE633300449F10 /* Allwise2.app */;
			productType = "com.apple.product-type.application";
		};
/* End PBXNativeTarget section */

/* Begin PBXProject section */
		433AEF8C2AFE633300449F10 /* Project object */ = {
			isa = PBXProject;
			attributes = {
				BuildIndependentTargetsInParallel = 1;
				LastSwiftUpdateCheck = 1500;
				LastUpgradeCheck = 1500;
				TargetAttributes = {
					433AEF932AFE633300449F10 = {
						CreatedOnToolsVersion = 15.0.1;
					};
				};
			};
			buildConfigurationList = 433AEF8F2AFE633300449F10 /* Build configuration list for PBXProject "Allwise2" */;
			compatibilityVersion = "Xcode 15.0";
			developmentRegion = en;
			hasScannedForEncodings = 0;
			knownRegions = (
				en,
				Base,
			);
			mainGroup = 433AEF8B2AFE633300449F10;
			productRefGroup = 433AEF952AFE633300449F10 /* Products */;
			projectDirPath = "";
			projectRoot = "";
			targets = (
				433AEF932AFE633300449F10 /* Allwise2 */,
			);
		};
/* End PBXProject section */

/* Begin PBXResourcesBuildPhase section */
		433AEF922AFE633300449F10 /* Resources */ = {
			isa = PBXResourcesBuildPhase;
			buildActionMask = 2147483647;
			files = (
				508F778B2BD94EB300FADABC /* rain1.mp4 in Resources */,
				508F77902BD955F800FADABC /* rain2.mp4 in Resources */,
				CE3E9CC72BCDF28C0080E6FF /* mandala_0.mp4 in Resources */,
				508F779B2BD9657E00FADABC /* rain4.mp4 in Resources */,
				CE3E9CB72BCDD2180080E6FF /* chill_2.mp3 in Resources */,
				CE3E9CC82BCDF28F0080E6FF /* mandala_1.mp4 in Resources */,
				508F77AB2BD967DE00FADABC /* sea3.mp4 in Resources */,
				508F77A72BD9675C00FADABC /* sea1.mp4 in Resources */,
				CE3E9CB52BCDD2180080E6FF /* chill_0.mp3 in Resources */,
				508F77992BD9654000FADABC /* rain3.mp4 in Resources */,
				CE3E9CB42BCDD2180080E6FF /* chill_4.mp3 in Resources */,
				CE3E9CBA2BCDD4620080E6FF /* bellsound.mp3 in Resources */,
				508F77A02BD9660000FADABC /* city2.mp4 in Resources */,
				CE3E9CB62BCDD2180080E6FF /* chill_1.mp3 in Resources */,
				CE3E9CB82BCDD2180080E6FF /* chill_3.mp3 in Resources */,
				508F77AD2BD9682E00FADABC /* sea4.mp4 in Resources */,
				508F77972BD9651200FADABC /* cloud1.mp4 in Resources */,
				508F77A52BD9664700FADABC /* city1.mp4 in Resources */,
				433AEF9F2AFE633500449F10 /* Preview Assets.xcassets in Resources */,
				508F77A92BD9677F00FADABC /* sea2.mp4 in Resources */,
				433AEF9C2AFE633500449F10 /* Assets.xcassets in Resources */,
			);
			runOnlyForDeploymentPostprocessing = 0;
		};
/* End PBXResourcesBuildPhase section */

/* Begin PBXSourcesBuildPhase section */
		433AEF902AFE633300449F10 /* Sources */ = {
			isa = PBXSourcesBuildPhase;
			buildActionMask = 2147483647;
			files = (
				CE3E9CAB2BCDCCB90080E6FF /* MandalaExercice.swift in Sources */,
				43057A742B062DC600292548 /* UserDashboardView.swift in Sources */,
				CEB8B0AD2BD05E6900DFE913 /* ManifestingExercice.swift in Sources */,
				CE3E9CC62BCDE83C0080E6FF /* ExerciceProgressBar.swift in Sources */,
				5073CA282BD939D0009C709A /* MeditationCanvasView.swift in Sources */,
				433AEFB52AFE724900449F10 /* TopicButton.swift in Sources */,
				438242452B04E11500CC321C /* ContinueButton.swift in Sources */,
				43B265302B11637B0014DC1B /* Transitions.swift in Sources */,
				43B265282B111D450014DC1B /* GeneralKnowledgeLevelView.swift in Sources */,
				4351DF662B079AE800D441E9 /* ColorsExtensions.swift in Sources */,
				CE3E9CC42BCDE2C00080E6FF /* ExerciceSubtitle.swift in Sources */,
				5073CA1B2BD91864009C709A /* MeditationView.swift in Sources */,
				4378D2122B0CBED300736633 /* ResultOverlayViewModel.swift in Sources */,
				CE3E9CBD2BCDD6930080E6FF /* MandalaManager.swift in Sources */,
				5024BDCF2BCECF1200297F4F /* AudioPlayer.swift in Sources */,
				43B265262B11169B0014DC1B /* LessonButton.swift in Sources */,
				43B265222B1115710014DC1B /* OnboardingViewModel.swift in Sources */,
				43C6BBB92B050391003134C2 /* BuyNewLifesOverlay.swift in Sources */,
				43F2F45B2B0F654100BF28AD /* MatchingButton.swift in Sources */,
				43F2F4592B0E6DB000BF28AD /* MatchView.swift in Sources */,
				5073CA222BD91B0A009C709A /* SessionProgressBar.swift in Sources */,
				5024BDCC2BCECEE600297F4F /* HapticManager.swift in Sources */,
				433AEFAF2AFE6B1300449F10 /* AppViewModel.swift in Sources */,
				4347CEDF2B03BC37004531B4 /* ValidationButton.swift in Sources */,
				4382423C2B04C1EC00CC321C /* ErrorsView.swift in Sources */,
				50F091672BCED8C200AF2C73 /* BreathingView.swift in Sources */,
				438242432B04DCED00CC321C /* ResultViewViewModel.swift in Sources */,
				43B265242B1115D30014DC1B /* SelectFirstLessonView.swift in Sources */,
				43DCEEBF2B062030007858EE /* LifesManager.swift in Sources */,
				43057A782B06511800292548 /* SmallNavButton.swift in Sources */,
				4399F4FE2AFE9434007005B0 /* CustomProgressBar.swift in Sources */,
				43B2651E2B1115480014DC1B /* OnboardingView.swift in Sources */,
				4382423E2B04D76F00CC321C /* ResultView.swift in Sources */,
				4347CEE52B03CE15004531B4 /* QuitQuestionViewOverlay.swift in Sources */,
				433AEFB12AFE6B5800449F10 /* MockData.swift in Sources */,
				508F778E2BD94FB600FADABC /* VideoPlayerView.swift in Sources */,
				4378D2102B0CBAEF00736633 /* HomeView.swift in Sources */,
				433AEFA72AFE635500449F10 /* Models.swift in Sources */,
				508F77932BD958AF00FADABC /* HeaderGradient.swift in Sources */,
				43B2652E2B1159C60014DC1B /* WhatYouCanAchieveView.swift in Sources */,
				433AEFBB2AFE748C00449F10 /* SubTopicView.swift in Sources */,
				43B2652C2B11543C0014DC1B /* SelfImprovementReasonsVie.swift in Sources */,
				43785F222B0293AD000BBD76 /* SelectLessonsView.swift in Sources */,
				43030A5D2AFFC66900E4CA6B /* SubTopicViewModel.swift in Sources */,
				432A05542B1784660055185B /* ShopView.swift in Sources */,
				43057A762B062E6700292548 /* UserManager.swift in Sources */,
				5073CA252BD9390F009C709A /* Consigne.swift in Sources */,
				CEB8B0AB2BD0588900DFE913 /* LazyFitnessExercice.swift in Sources */,
				43030A622AFFDE1600E4CA6B /* QuestionViewModel.swift in Sources */,
				5073CA202BD91AED009C709A /* MainProgressBarViewModel.swift in Sources */,
				CE3E9CCA2BCF19B90080E6FF /* PositiveAffirmationsExercice.swift in Sources */,
				CEB8B0A62BCF271200DFE913 /* ScratchCard.swift in Sources */,
				433AEFB92AFE730B00449F10 /* TopicsViewViewModel.swift in Sources */,
				43F2F43B2B0E3EF200BF28AD /* MatchingViewModel.swift in Sources */,
				4399F4FC2AFE8F2A007005B0 /* QuestionQCMView.swift in Sources */,
				433DACB42B1628E60019A7CB /* StoreKitManager.swift in Sources */,
				433AEFAC2AFE663800449F10 /* TopicsView.swift in Sources */,
				433AEF982AFE633300449F10 /* Allwise2App.swift in Sources */,
				4399F4FA2AFE80E6007005B0 /* CircularProgressBar.swift in Sources */,
				4347CEDD2B03BBD3004531B4 /* ResultOverlay.swift in Sources */,
				50F0916B2BCEDA1300AF2C73 /* Constants.swift in Sources */,
				CEB8B0A82BCF31B200DFE913 /* ExerciceProgressBar_2.swift in Sources */,
				4347CEE12B03BC87004531B4 /* SingleSelectButton.swift in Sources */,
				4383ADBA2B1A22610041532B /* ConsumableShopView.swift in Sources */,
			);
			runOnlyForDeploymentPostprocessing = 0;
		};
/* End PBXSourcesBuildPhase section */

/* Begin XCBuildConfiguration section */
		433AEFA02AFE633500449F10 /* Debug */ = {
			isa = XCBuildConfiguration;
			buildSettings = {
				ALWAYS_SEARCH_USER_PATHS = NO;
				ASSETCATALOG_COMPILER_GENERATE_SWIFT_ASSET_SYMBOL_EXTENSIONS = YES;
				CLANG_ANALYZER_NONNULL = YES;
				CLANG_ANALYZER_NUMBER_OBJECT_CONVERSION = YES_AGGRESSIVE;
				CLANG_CXX_LANGUAGE_STANDARD = "gnu++20";
				CLANG_ENABLE_MODULES = YES;
				CLANG_ENABLE_OBJC_ARC = YES;
				CLANG_ENABLE_OBJC_WEAK = YES;
				CLANG_WARN_BLOCK_CAPTURE_AUTORELEASING = YES;
				CLANG_WARN_BOOL_CONVERSION = YES;
				CLANG_WARN_COMMA = YES;
				CLANG_WARN_CONSTANT_CONVERSION = YES;
				CLANG_WARN_DEPRECATED_OBJC_IMPLEMENTATIONS = YES;
				CLANG_WARN_DIRECT_OBJC_ISA_USAGE = YES_ERROR;
				CLANG_WARN_DOCUMENTATION_COMMENTS = YES;
				CLANG_WARN_EMPTY_BODY = YES;
				CLANG_WARN_ENUM_CONVERSION = YES;
				CLANG_WARN_INFINITE_RECURSION = YES;
				CLANG_WARN_INT_CONVERSION = YES;
				CLANG_WARN_NON_LITERAL_NULL_CONVERSION = YES;
				CLANG_WARN_OBJC_IMPLICIT_RETAIN_SELF = YES;
				CLANG_WARN_OBJC_LITERAL_CONVERSION = YES;
				CLANG_WARN_OBJC_ROOT_CLASS = YES_ERROR;
				CLANG_WARN_QUOTED_INCLUDE_IN_FRAMEWORK_HEADER = YES;
				CLANG_WARN_RANGE_LOOP_ANALYSIS = YES;
				CLANG_WARN_STRICT_PROTOTYPES = YES;
				CLANG_WARN_SUSPICIOUS_MOVE = YES;
				CLANG_WARN_UNGUARDED_AVAILABILITY = YES_AGGRESSIVE;
				CLANG_WARN_UNREACHABLE_CODE = YES;
				CLANG_WARN__DUPLICATE_METHOD_MATCH = YES;
				COPY_PHASE_STRIP = NO;
				DEBUG_INFORMATION_FORMAT = dwarf;
				ENABLE_STRICT_OBJC_MSGSEND = YES;
				ENABLE_TESTABILITY = YES;
				ENABLE_USER_SCRIPT_SANDBOXING = YES;
				GCC_C_LANGUAGE_STANDARD = gnu17;
				GCC_DYNAMIC_NO_PIC = NO;
				GCC_NO_COMMON_BLOCKS = YES;
				GCC_OPTIMIZATION_LEVEL = 0;
				GCC_PREPROCESSOR_DEFINITIONS = (
					"DEBUG=1",
					"$(inherited)",
				);
				GCC_WARN_64_TO_32_BIT_CONVERSION = YES;
				GCC_WARN_ABOUT_RETURN_TYPE = YES_ERROR;
				GCC_WARN_UNDECLARED_SELECTOR = YES;
				GCC_WARN_UNINITIALIZED_AUTOS = YES_AGGRESSIVE;
				GCC_WARN_UNUSED_FUNCTION = YES;
				GCC_WARN_UNUSED_VARIABLE = YES;
				IPHONEOS_DEPLOYMENT_TARGET = 16.1;
				LOCALIZATION_PREFERS_STRING_CATALOGS = YES;
				MTL_ENABLE_DEBUG_INFO = INCLUDE_SOURCE;
				MTL_FAST_MATH = YES;
				ONLY_ACTIVE_ARCH = YES;
				SDKROOT = iphoneos;
				SWIFT_ACTIVE_COMPILATION_CONDITIONS = "DEBUG $(inherited)";
				SWIFT_OPTIMIZATION_LEVEL = "-Onone";
			};
			name = Debug;
		};
		433AEFA12AFE633500449F10 /* Release */ = {
			isa = XCBuildConfiguration;
			buildSettings = {
				ALWAYS_SEARCH_USER_PATHS = NO;
				ASSETCATALOG_COMPILER_GENERATE_SWIFT_ASSET_SYMBOL_EXTENSIONS = YES;
				CLANG_ANALYZER_NONNULL = YES;
				CLANG_ANALYZER_NUMBER_OBJECT_CONVERSION = YES_AGGRESSIVE;
				CLANG_CXX_LANGUAGE_STANDARD = "gnu++20";
				CLANG_ENABLE_MODULES = YES;
				CLANG_ENABLE_OBJC_ARC = YES;
				CLANG_ENABLE_OBJC_WEAK = YES;
				CLANG_WARN_BLOCK_CAPTURE_AUTORELEASING = YES;
				CLANG_WARN_BOOL_CONVERSION = YES;
				CLANG_WARN_COMMA = YES;
				CLANG_WARN_CONSTANT_CONVERSION = YES;
				CLANG_WARN_DEPRECATED_OBJC_IMPLEMENTATIONS = YES;
				CLANG_WARN_DIRECT_OBJC_ISA_USAGE = YES_ERROR;
				CLANG_WARN_DOCUMENTATION_COMMENTS = YES;
				CLANG_WARN_EMPTY_BODY = YES;
				CLANG_WARN_ENUM_CONVERSION = YES;
				CLANG_WARN_INFINITE_RECURSION = YES;
				CLANG_WARN_INT_CONVERSION = YES;
				CLANG_WARN_NON_LITERAL_NULL_CONVERSION = YES;
				CLANG_WARN_OBJC_IMPLICIT_RETAIN_SELF = YES;
				CLANG_WARN_OBJC_LITERAL_CONVERSION = YES;
				CLANG_WARN_OBJC_ROOT_CLASS = YES_ERROR;
				CLANG_WARN_QUOTED_INCLUDE_IN_FRAMEWORK_HEADER = YES;
				CLANG_WARN_RANGE_LOOP_ANALYSIS = YES;
				CLANG_WARN_STRICT_PROTOTYPES = YES;
				CLANG_WARN_SUSPICIOUS_MOVE = YES;
				CLANG_WARN_UNGUARDED_AVAILABILITY = YES_AGGRESSIVE;
				CLANG_WARN_UNREACHABLE_CODE = YES;
				CLANG_WARN__DUPLICATE_METHOD_MATCH = YES;
				COPY_PHASE_STRIP = NO;
				DEBUG_INFORMATION_FORMAT = "dwarf-with-dsym";
				ENABLE_NS_ASSERTIONS = NO;
				ENABLE_STRICT_OBJC_MSGSEND = YES;
				ENABLE_USER_SCRIPT_SANDBOXING = YES;
				GCC_C_LANGUAGE_STANDARD = gnu17;
				GCC_NO_COMMON_BLOCKS = YES;
				GCC_WARN_64_TO_32_BIT_CONVERSION = YES;
				GCC_WARN_ABOUT_RETURN_TYPE = YES_ERROR;
				GCC_WARN_UNDECLARED_SELECTOR = YES;
				GCC_WARN_UNINITIALIZED_AUTOS = YES_AGGRESSIVE;
				GCC_WARN_UNUSED_FUNCTION = YES;
				GCC_WARN_UNUSED_VARIABLE = YES;
				IPHONEOS_DEPLOYMENT_TARGET = 16.1;
				LOCALIZATION_PREFERS_STRING_CATALOGS = YES;
				MTL_ENABLE_DEBUG_INFO = NO;
				MTL_FAST_MATH = YES;
				SDKROOT = iphoneos;
				SWIFT_COMPILATION_MODE = wholemodule;
				VALIDATE_PRODUCT = YES;
			};
			name = Release;
		};
		433AEFA32AFE633500449F10 /* Debug */ = {
			isa = XCBuildConfiguration;
			buildSettings = {
				ASSETCATALOG_COMPILER_APPICON_NAME = AppIcon;
				ASSETCATALOG_COMPILER_GLOBAL_ACCENT_COLOR_NAME = AccentColor;
				CODE_SIGN_STYLE = Automatic;
				CURRENT_PROJECT_VERSION = 1;
				DEVELOPMENT_ASSET_PATHS = "\"Allwise2/Preview Content\"";
				DEVELOPMENT_TEAM = C5T9JF3LX7;
				ENABLE_PREVIEWS = YES;
				GENERATE_INFOPLIST_FILE = YES;
				INFOPLIST_KEY_CFBundleDisplayName = Allwise;
				INFOPLIST_KEY_LSApplicationCategoryType = "public.app-category.education";
				INFOPLIST_KEY_UIApplicationSceneManifest_Generation = YES;
				INFOPLIST_KEY_UIApplicationSupportsIndirectInputEvents = YES;
				INFOPLIST_KEY_UILaunchScreen_Generation = YES;
				INFOPLIST_KEY_UISupportedInterfaceOrientations_iPad = "UIInterfaceOrientationPortrait UIInterfaceOrientationPortraitUpsideDown UIInterfaceOrientationLandscapeLeft UIInterfaceOrientationLandscapeRight";
				INFOPLIST_KEY_UISupportedInterfaceOrientations_iPhone = "UIInterfaceOrientationPortrait UIInterfaceOrientationLandscapeLeft UIInterfaceOrientationLandscapeRight";
				IPHONEOS_DEPLOYMENT_TARGET = 16.1;
				LD_RUNPATH_SEARCH_PATHS = (
					"$(inherited)",
					"@executable_path/Frameworks",
				);
				MARKETING_VERSION = 1.0;
				PRODUCT_BUNDLE_IDENTIFIER = "com.cortex.Allwise2-A";
				PRODUCT_NAME = "$(TARGET_NAME)";
				SWIFT_EMIT_LOC_STRINGS = YES;
				SWIFT_VERSION = 5.0;
				TARGETED_DEVICE_FAMILY = "1,2";
			};
			name = Debug;
		};
		433AEFA42AFE633500449F10 /* Release */ = {
			isa = XCBuildConfiguration;
			buildSettings = {
				ASSETCATALOG_COMPILER_APPICON_NAME = AppIcon;
				ASSETCATALOG_COMPILER_GLOBAL_ACCENT_COLOR_NAME = AccentColor;
				CODE_SIGN_STYLE = Automatic;
				CURRENT_PROJECT_VERSION = 1;
				DEVELOPMENT_ASSET_PATHS = "\"Allwise2/Preview Content\"";
				DEVELOPMENT_TEAM = C5T9JF3LX7;
				ENABLE_PREVIEWS = YES;
				GENERATE_INFOPLIST_FILE = YES;
				INFOPLIST_KEY_CFBundleDisplayName = Allwise;
				INFOPLIST_KEY_LSApplicationCategoryType = "public.app-category.education";
				INFOPLIST_KEY_UIApplicationSceneManifest_Generation = YES;
				INFOPLIST_KEY_UIApplicationSupportsIndirectInputEvents = YES;
				INFOPLIST_KEY_UILaunchScreen_Generation = YES;
				INFOPLIST_KEY_UISupportedInterfaceOrientations_iPad = "UIInterfaceOrientationPortrait UIInterfaceOrientationPortraitUpsideDown UIInterfaceOrientationLandscapeLeft UIInterfaceOrientationLandscapeRight";
				INFOPLIST_KEY_UISupportedInterfaceOrientations_iPhone = "UIInterfaceOrientationPortrait UIInterfaceOrientationLandscapeLeft UIInterfaceOrientationLandscapeRight";
				IPHONEOS_DEPLOYMENT_TARGET = 16.1;
				LD_RUNPATH_SEARCH_PATHS = (
					"$(inherited)",
					"@executable_path/Frameworks",
				);
				MARKETING_VERSION = 1.0;
				PRODUCT_BUNDLE_IDENTIFIER = "com.cortex.Allwise2-A";
				PRODUCT_NAME = "$(TARGET_NAME)";
				SWIFT_EMIT_LOC_STRINGS = YES;
				SWIFT_VERSION = 5.0;
				TARGETED_DEVICE_FAMILY = "1,2";
			};
			name = Release;
		};
/* End XCBuildConfiguration section */

/* Begin XCConfigurationList section */
		433AEF8F2AFE633300449F10 /* Build configuration list for PBXProject "Allwise2" */ = {
			isa = XCConfigurationList;
			buildConfigurations = (
				433AEFA02AFE633500449F10 /* Debug */,
				433AEFA12AFE633500449F10 /* Release */,
			);
			defaultConfigurationIsVisible = 0;
			defaultConfigurationName = Release;
		};
		433AEFA22AFE633500449F10 /* Build configuration list for PBXNativeTarget "Allwise2" */ = {
			isa = XCConfigurationList;
			buildConfigurations = (
				433AEFA32AFE633500449F10 /* Debug */,
				433AEFA42AFE633500449F10 /* Release */,
			);
			defaultConfigurationIsVisible = 0;
			defaultConfigurationName = Release;
		};
/* End XCConfigurationList section */
	};
	rootObject = 433AEF8C2AFE633300449F10 /* Project object */;
}
