// !$*UTF8*$!
{
	archiveVersion = 1;
	classes = {
	};
	objectVersion = 60;
	objects = {

/* Begin PBXBuildFile section */
		43030A5D2AFFC66900E4CA6B /* SubTopicViewModel.swift in Sources */ = {isa = PBXBuildFile; fileRef = 43030A5C2AFFC66900E4CA6B /* SubTopicViewModel.swift */; };
		43030A622AFFDE1600E4CA6B /* QuestionViewModel.swift in Sources */ = {isa = PBXBuildFile; fileRef = 43030A612AFFDE1600E4CA6B /* QuestionViewModel.swift */; };
		43057A742B062DC600292548 /* UserDashboardView.swift in Sources */ = {isa = PBXBuildFile; fileRef = 43057A732B062DC600292548 /* UserDashboardView.swift */; };
		43057A762B062E6700292548 /* UserManager.swift in Sources */ = {isa = PBXBuildFile; fileRef = 43057A752B062E6700292548 /* UserManager.swift */; };
		43057A782B06511800292548 /* SmallNavButton.swift in Sources */ = {isa = PBXBuildFile; fileRef = 43057A772B06511800292548 /* SmallNavButton.swift */; };
		433AEF982AFE633300449F10 /* Allwise2App.swift in Sources */ = {isa = PBXBuildFile; fileRef = 433AEF972AFE633300449F10 /* Allwise2App.swift */; };
		433AEF9C2AFE633500449F10 /* Assets.xcassets in Resources */ = {isa = PBXBuildFile; fileRef = 433AEF9B2AFE633500449F10 /* Assets.xcassets */; };
		433AEF9F2AFE633500449F10 /* Preview Assets.xcassets in Resources */ = {isa = PBXBuildFile; fileRef = 433AEF9E2AFE633500449F10 /* Preview Assets.xcassets */; };
		433AEFA72AFE635500449F10 /* Models.swift in Sources */ = {isa = PBXBuildFile; fileRef = 433AEFA62AFE635500449F10 /* Models.swift */; };
		433AEFAC2AFE663800449F10 /* TopicsView.swift in Sources */ = {isa = PBXBuildFile; fileRef = 433AEFAB2AFE663800449F10 /* TopicsView.swift */; };
		433AEFAF2AFE6B1300449F10 /* AppViewModel.swift in Sources */ = {isa = PBXBuildFile; fileRef = 433AEFAE2AFE6B1300449F10 /* AppViewModel.swift */; };
		433AEFB12AFE6B5800449F10 /* MockData.swift in Sources */ = {isa = PBXBuildFile; fileRef = 433AEFB02AFE6B5800449F10 /* MockData.swift */; };
		433AEFB52AFE724900449F10 /* TopicButton.swift in Sources */ = {isa = PBXBuildFile; fileRef = 433AEFB42AFE724900449F10 /* TopicButton.swift */; };
		433AEFB92AFE730B00449F10 /* TopicsViewViewModel.swift in Sources */ = {isa = PBXBuildFile; fileRef = 433AEFB82AFE730B00449F10 /* TopicsViewViewModel.swift */; };
		433AEFBB2AFE748C00449F10 /* SubTopicView.swift in Sources */ = {isa = PBXBuildFile; fileRef = 433AEFBA2AFE748C00449F10 /* SubTopicView.swift */; };
		4347CEDD2B03BBD3004531B4 /* ResultOverlay.swift in Sources */ = {isa = PBXBuildFile; fileRef = 4347CEDC2B03BBD3004531B4 /* ResultOverlay.swift */; };
		4347CEDF2B03BC37004531B4 /* ValidationButton.swift in Sources */ = {isa = PBXBuildFile; fileRef = 4347CEDE2B03BC37004531B4 /* ValidationButton.swift */; };
		4347CEE12B03BC87004531B4 /* SingleSelectButton.swift in Sources */ = {isa = PBXBuildFile; fileRef = 4347CEE02B03BC87004531B4 /* SingleSelectButton.swift */; };
		4347CEE52B03CE15004531B4 /* QuitQuestionViewOverlay.swift in Sources */ = {isa = PBXBuildFile; fileRef = 4347CEE42B03CE15004531B4 /* QuitQuestionViewOverlay.swift */; };
		4351DF662B079AE800D441E9 /* ColorsExtensions.swift in Sources */ = {isa = PBXBuildFile; fileRef = 4351DF652B079AE800D441E9 /* ColorsExtensions.swift */; };
		43785F222B0293AD000BBD76 /* SelectLessonsView.swift in Sources */ = {isa = PBXBuildFile; fileRef = 43785F212B0293AD000BBD76 /* SelectLessonsView.swift */; };
		4378D2102B0CBAEF00736633 /* HomeView.swift in Sources */ = {isa = PBXBuildFile; fileRef = 4378D20F2B0CBAEF00736633 /* HomeView.swift */; };
		4378D2122B0CBED300736633 /* ResultOverlayViewModel.swift in Sources */ = {isa = PBXBuildFile; fileRef = 4378D2112B0CBED300736633 /* ResultOverlayViewModel.swift */; };
		4382423C2B04C1EC00CC321C /* ErrorsView.swift in Sources */ = {isa = PBXBuildFile; fileRef = 4382423B2B04C1EC00CC321C /* ErrorsView.swift */; };
		4382423E2B04D76F00CC321C /* ResultView.swift in Sources */ = {isa = PBXBuildFile; fileRef = 4382423D2B04D76F00CC321C /* ResultView.swift */; };
		438242432B04DCED00CC321C /* ResultViewViewModel.swift in Sources */ = {isa = PBXBuildFile; fileRef = 438242422B04DCED00CC321C /* ResultViewViewModel.swift */; };
		438242452B04E11500CC321C /* ContinueButton.swift in Sources */ = {isa = PBXBuildFile; fileRef = 438242442B04E11500CC321C /* ContinueButton.swift */; };
		4399F4FA2AFE80E6007005B0 /* CircularProgressBar.swift in Sources */ = {isa = PBXBuildFile; fileRef = 4399F4F92AFE80E6007005B0 /* CircularProgressBar.swift */; };
		4399F4FC2AFE8F2A007005B0 /* QuestionQCMView.swift in Sources */ = {isa = PBXBuildFile; fileRef = 4399F4FB2AFE8F2A007005B0 /* QuestionQCMView.swift */; };
		4399F4FE2AFE9434007005B0 /* CustomProgressBar.swift in Sources */ = {isa = PBXBuildFile; fileRef = 4399F4FD2AFE9434007005B0 /* CustomProgressBar.swift */; };
		43B2651E2B1115480014DC1B /* OnboardingView.swift in Sources */ = {isa = PBXBuildFile; fileRef = 43B2651D2B1115480014DC1B /* OnboardingView.swift */; };
		43B265222B1115710014DC1B /* OnboardingViewModel.swift in Sources */ = {isa = PBXBuildFile; fileRef = 43B265212B1115710014DC1B /* OnboardingViewModel.swift */; };
		43B265242B1115D30014DC1B /* SelectFirstLessonView.swift in Sources */ = {isa = PBXBuildFile; fileRef = 43B265232B1115D30014DC1B /* SelectFirstLessonView.swift */; };
		43B265262B11169B0014DC1B /* LessonButton.swift in Sources */ = {isa = PBXBuildFile; fileRef = 43B265252B11169B0014DC1B /* LessonButton.swift */; };
		43B265282B111D450014DC1B /* GeneralKnowledgeLevelView.swift in Sources */ = {isa = PBXBuildFile; fileRef = 43B265272B111D450014DC1B /* GeneralKnowledgeLevelView.swift */; };
		43B2652C2B11543C0014DC1B /* SelfImprovementReasonsVie.swift in Sources */ = {isa = PBXBuildFile; fileRef = 43B2652B2B11543C0014DC1B /* SelfImprovementReasonsVie.swift */; };
		43B2652E2B1159C60014DC1B /* WhatYouCanAchieveView.swift in Sources */ = {isa = PBXBuildFile; fileRef = 43B2652D2B1159C60014DC1B /* WhatYouCanAchieveView.swift */; };
		43B265302B11637B0014DC1B /* Transitions.swift in Sources */ = {isa = PBXBuildFile; fileRef = 43B2652F2B11637B0014DC1B /* Transitions.swift */; };
		43C6BBB92B050391003134C2 /* BuyNewLifesOverlay.swift in Sources */ = {isa = PBXBuildFile; fileRef = 43C6BBB82B050391003134C2 /* BuyNewLifesOverlay.swift */; };
		43DCEEBF2B062030007858EE /* LifesManager.swift in Sources */ = {isa = PBXBuildFile; fileRef = 43DCEEBE2B062030007858EE /* LifesManager.swift */; };
		43F2F43B2B0E3EF200BF28AD /* MatchingViewModel.swift in Sources */ = {isa = PBXBuildFile; fileRef = 43F2F43A2B0E3EF200BF28AD /* MatchingViewModel.swift */; };
		43F2F4592B0E6DB000BF28AD /* MatchView.swift in Sources */ = {isa = PBXBuildFile; fileRef = 43F2F4582B0E6DB000BF28AD /* MatchView.swift */; };
		43F2F45B2B0F654100BF28AD /* MatchingButton.swift in Sources */ = {isa = PBXBuildFile; fileRef = 43F2F45A2B0F654100BF28AD /* MatchingButton.swift */; };
/* End PBXBuildFile section */

/* Begin PBXFileReference section */
		43030A5C2AFFC66900E4CA6B /* SubTopicViewModel.swift */ = {isa = PBXFileReference; lastKnownFileType = sourcecode.swift; path = SubTopicViewModel.swift; sourceTree = "<group>"; };
		43030A612AFFDE1600E4CA6B /* QuestionViewModel.swift */ = {isa = PBXFileReference; lastKnownFileType = sourcecode.swift; path = QuestionViewModel.swift; sourceTree = "<group>"; };
		43057A732B062DC600292548 /* UserDashboardView.swift */ = {isa = PBXFileReference; lastKnownFileType = sourcecode.swift; path = UserDashboardView.swift; sourceTree = "<group>"; };
		43057A752B062E6700292548 /* UserManager.swift */ = {isa = PBXFileReference; lastKnownFileType = sourcecode.swift; path = UserManager.swift; sourceTree = "<group>"; };
		43057A772B06511800292548 /* SmallNavButton.swift */ = {isa = PBXFileReference; lastKnownFileType = sourcecode.swift; path = SmallNavButton.swift; sourceTree = "<group>"; };
		433AEF942AFE633300449F10 /* Allwise2.app */ = {isa = PBXFileReference; explicitFileType = wrapper.application; includeInIndex = 0; path = Allwise2.app; sourceTree = BUILT_PRODUCTS_DIR; };
		433AEF972AFE633300449F10 /* Allwise2App.swift */ = {isa = PBXFileReference; lastKnownFileType = sourcecode.swift; path = Allwise2App.swift; sourceTree = "<group>"; };
		433AEF9B2AFE633500449F10 /* Assets.xcassets */ = {isa = PBXFileReference; lastKnownFileType = folder.assetcatalog; path = Assets.xcassets; sourceTree = "<group>"; };
		433AEF9E2AFE633500449F10 /* Preview Assets.xcassets */ = {isa = PBXFileReference; lastKnownFileType = folder.assetcatalog; path = "Preview Assets.xcassets"; sourceTree = "<group>"; };
		433AEFA62AFE635500449F10 /* Models.swift */ = {isa = PBXFileReference; lastKnownFileType = sourcecode.swift; path = Models.swift; sourceTree = "<group>"; };
		433AEFAB2AFE663800449F10 /* TopicsView.swift */ = {isa = PBXFileReference; lastKnownFileType = sourcecode.swift; path = TopicsView.swift; sourceTree = "<group>"; };
		433AEFAE2AFE6B1300449F10 /* AppViewModel.swift */ = {isa = PBXFileReference; lastKnownFileType = sourcecode.swift; path = AppViewModel.swift; sourceTree = "<group>"; };
		433AEFB02AFE6B5800449F10 /* MockData.swift */ = {isa = PBXFileReference; lastKnownFileType = sourcecode.swift; path = MockData.swift; sourceTree = "<group>"; };
		433AEFB42AFE724900449F10 /* TopicButton.swift */ = {isa = PBXFileReference; lastKnownFileType = sourcecode.swift; path = TopicButton.swift; sourceTree = "<group>"; };
		433AEFB82AFE730B00449F10 /* TopicsViewViewModel.swift */ = {isa = PBXFileReference; lastKnownFileType = sourcecode.swift; path = TopicsViewViewModel.swift; sourceTree = "<group>"; };
		433AEFBA2AFE748C00449F10 /* SubTopicView.swift */ = {isa = PBXFileReference; lastKnownFileType = sourcecode.swift; path = SubTopicView.swift; sourceTree = "<group>"; };
		4347CEDC2B03BBD3004531B4 /* ResultOverlay.swift */ = {isa = PBXFileReference; lastKnownFileType = sourcecode.swift; path = ResultOverlay.swift; sourceTree = "<group>"; };
		4347CEDE2B03BC37004531B4 /* ValidationButton.swift */ = {isa = PBXFileReference; lastKnownFileType = sourcecode.swift; path = ValidationButton.swift; sourceTree = "<group>"; };
		4347CEE02B03BC87004531B4 /* SingleSelectButton.swift */ = {isa = PBXFileReference; lastKnownFileType = sourcecode.swift; path = SingleSelectButton.swift; sourceTree = "<group>"; };
		4347CEE42B03CE15004531B4 /* QuitQuestionViewOverlay.swift */ = {isa = PBXFileReference; lastKnownFileType = sourcecode.swift; path = QuitQuestionViewOverlay.swift; sourceTree = "<group>"; };
		4351DF652B079AE800D441E9 /* ColorsExtensions.swift */ = {isa = PBXFileReference; lastKnownFileType = sourcecode.swift; path = ColorsExtensions.swift; sourceTree = "<group>"; };
		43785F212B0293AD000BBD76 /* SelectLessonsView.swift */ = {isa = PBXFileReference; lastKnownFileType = sourcecode.swift; path = SelectLessonsView.swift; sourceTree = "<group>"; };
		4378D20F2B0CBAEF00736633 /* HomeView.swift */ = {isa = PBXFileReference; lastKnownFileType = sourcecode.swift; path = HomeView.swift; sourceTree = "<group>"; };
		4378D2112B0CBED300736633 /* ResultOverlayViewModel.swift */ = {isa = PBXFileReference; lastKnownFileType = sourcecode.swift; path = ResultOverlayViewModel.swift; sourceTree = "<group>"; };
		4382423B2B04C1EC00CC321C /* ErrorsView.swift */ = {isa = PBXFileReference; lastKnownFileType = sourcecode.swift; path = ErrorsView.swift; sourceTree = "<group>"; };
		4382423D2B04D76F00CC321C /* ResultView.swift */ = {isa = PBXFileReference; lastKnownFileType = sourcecode.swift; path = ResultView.swift; sourceTree = "<group>"; };
		438242422B04DCED00CC321C /* ResultViewViewModel.swift */ = {isa = PBXFileReference; lastKnownFileType = sourcecode.swift; path = ResultViewViewModel.swift; sourceTree = "<group>"; };
		438242442B04E11500CC321C /* ContinueButton.swift */ = {isa = PBXFileReference; lastKnownFileType = sourcecode.swift; path = ContinueButton.swift; sourceTree = "<group>"; };
		4399F4F92AFE80E6007005B0 /* CircularProgressBar.swift */ = {isa = PBXFileReference; lastKnownFileType = sourcecode.swift; path = CircularProgressBar.swift; sourceTree = "<group>"; };
		4399F4FB2AFE8F2A007005B0 /* QuestionQCMView.swift */ = {isa = PBXFileReference; lastKnownFileType = sourcecode.swift; path = QuestionQCMView.swift; sourceTree = "<group>"; };
		4399F4FD2AFE9434007005B0 /* CustomProgressBar.swift */ = {isa = PBXFileReference; lastKnownFileType = sourcecode.swift; path = CustomProgressBar.swift; sourceTree = "<group>"; };
		43B2651D2B1115480014DC1B /* OnboardingView.swift */ = {isa = PBXFileReference; lastKnownFileType = sourcecode.swift; path = OnboardingView.swift; sourceTree = "<group>"; };
		43B265212B1115710014DC1B /* OnboardingViewModel.swift */ = {isa = PBXFileReference; lastKnownFileType = sourcecode.swift; path = OnboardingViewModel.swift; sourceTree = "<group>"; };
		43B265232B1115D30014DC1B /* SelectFirstLessonView.swift */ = {isa = PBXFileReference; lastKnownFileType = sourcecode.swift; path = SelectFirstLessonView.swift; sourceTree = "<group>"; };
		43B265252B11169B0014DC1B /* LessonButton.swift */ = {isa = PBXFileReference; lastKnownFileType = sourcecode.swift; path = LessonButton.swift; sourceTree = "<group>"; };
		43B265272B111D450014DC1B /* GeneralKnowledgeLevelView.swift */ = {isa = PBXFileReference; lastKnownFileType = sourcecode.swift; path = GeneralKnowledgeLevelView.swift; sourceTree = "<group>"; };
		43B2652B2B11543C0014DC1B /* SelfImprovementReasonsVie.swift */ = {isa = PBXFileReference; lastKnownFileType = sourcecode.swift; path = SelfImprovementReasonsVie.swift; sourceTree = "<group>"; };
		43B2652D2B1159C60014DC1B /* WhatYouCanAchieveView.swift */ = {isa = PBXFileReference; lastKnownFileType = sourcecode.swift; path = WhatYouCanAchieveView.swift; sourceTree = "<group>"; };
		43B2652F2B11637B0014DC1B /* Transitions.swift */ = {isa = PBXFileReference; lastKnownFileType = sourcecode.swift; path = Transitions.swift; sourceTree = "<group>"; };
		43C6BBB82B050391003134C2 /* BuyNewLifesOverlay.swift */ = {isa = PBXFileReference; lastKnownFileType = sourcecode.swift; path = BuyNewLifesOverlay.swift; sourceTree = "<group>"; };
		43DCEEBE2B062030007858EE /* LifesManager.swift */ = {isa = PBXFileReference; lastKnownFileType = sourcecode.swift; path = LifesManager.swift; sourceTree = "<group>"; };
		43F2F43A2B0E3EF200BF28AD /* MatchingViewModel.swift */ = {isa = PBXFileReference; lastKnownFileType = sourcecode.swift; path = MatchingViewModel.swift; sourceTree = "<group>"; };
		43F2F4582B0E6DB000BF28AD /* MatchView.swift */ = {isa = PBXFileReference; lastKnownFileType = sourcecode.swift; path = MatchView.swift; sourceTree = "<group>"; };
		43F2F45A2B0F654100BF28AD /* MatchingButton.swift */ = {isa = PBXFileReference; lastKnownFileType = sourcecode.swift; path = MatchingButton.swift; sourceTree = "<group>"; };
/* End PBXFileReference section */

/* Begin PBXFrameworksBuildPhase section */
		433AEF912AFE633300449F10 /* Frameworks */ = {
			isa = PBXFrameworksBuildPhase;
			buildActionMask = 2147483647;
			files = (
			);
			runOnlyForDeploymentPostprocessing = 0;
		};
/* End PBXFrameworksBuildPhase section */

/* Begin PBXGroup section */
		43030A5B2AFFC65C00E4CA6B /* SubTopic */ = {
			isa = PBXGroup;
			children = (
				43030A5C2AFFC66900E4CA6B /* SubTopicViewModel.swift */,
				433AEFBA2AFE748C00449F10 /* SubTopicView.swift */,
			);
			path = SubTopic;
			sourceTree = "<group>";
		};
		43030A5E2AFFDDF300E4CA6B /* Questions */ = {
			isa = PBXGroup;
			children = (
				43F2F4392B0E3EDF00BF28AD /* Matching */,
				4351DF6A2B07A44A00D441E9 /* QCM */,
			);
			path = Questions;
			sourceTree = "<group>";
		};
		43030A5F2AFFDDF700E4CA6B /* ViewModel */ = {
			isa = PBXGroup;
			children = (
				43030A612AFFDE1600E4CA6B /* QuestionViewModel.swift */,
			);
			path = ViewModel;
			sourceTree = "<group>";
		};
		43030A602AFFDDFC00E4CA6B /* View */ = {
			isa = PBXGroup;
			children = (
				4399F4FB2AFE8F2A007005B0 /* QuestionQCMView.swift */,
			);
			path = View;
			sourceTree = "<group>";
		};
		43057A722B062DB700292548 /* UserDashboard */ = {
			isa = PBXGroup;
			children = (
				43057A732B062DC600292548 /* UserDashboardView.swift */,
			);
			path = UserDashboard;
			sourceTree = "<group>";
		};
		433AEF8B2AFE633300449F10 = {
			isa = PBXGroup;
			children = (
				433AEF962AFE633300449F10 /* Allwise2 */,
				433AEF952AFE633300449F10 /* Products */,
			);
			sourceTree = "<group>";
		};
		433AEF952AFE633300449F10 /* Products */ = {
			isa = PBXGroup;
			children = (
				433AEF942AFE633300449F10 /* Allwise2.app */,
			);
			name = Products;
			sourceTree = "<group>";
		};
		433AEF962AFE633300449F10 /* Allwise2 */ = {
			isa = PBXGroup;
			children = (
				433AEF972AFE633300449F10 /* Allwise2App.swift */,
				4378D20F2B0CBAEF00736633 /* HomeView.swift */,
				433AEFAE2AFE6B1300449F10 /* AppViewModel.swift */,
				4351DF642B079ADE00D441E9 /* Extensions */,
				433AEFB22AFE723900449F10 /* Components */,
				433AEFA82AFE636900449F10 /* Core */,
				4399F4F82AFE7CE1007005B0 /* Data */,
				433AEFAD2AFE6AFC00449F10 /* Managers */,
				433AEFA52AFE634D00449F10 /* Models */,
				433AEF9B2AFE633500449F10 /* Assets.xcassets */,
				433AEF9D2AFE633500449F10 /* Preview Content */,
			);
			path = Allwise2;
			sourceTree = "<group>";
		};
		433AEF9D2AFE633500449F10 /* Preview Content */ = {
			isa = PBXGroup;
			children = (
				433AEF9E2AFE633500449F10 /* Preview Assets.xcassets */,
			);
			path = "Preview Content";
			sourceTree = "<group>";
		};
		433AEFA52AFE634D00449F10 /* Models */ = {
			isa = PBXGroup;
			children = (
				433AEFA62AFE635500449F10 /* Models.swift */,
			);
			path = Models;
			sourceTree = "<group>";
		};
		433AEFA82AFE636900449F10 /* Core */ = {
			isa = PBXGroup;
			children = (
				43B2651C2B11152D0014DC1B /* Onboarding */,
				43785F1E2B029395000BBD76 /* Lessons */,
				433AEFB62AFE72F900449F10 /* Topics */,
				43030A5B2AFFC65C00E4CA6B /* SubTopic */,
				43030A5E2AFFDDF300E4CA6B /* Questions */,
				43057A722B062DB700292548 /* UserDashboard */,
			);
			path = Core;
			sourceTree = "<group>";
		};
		433AEFAD2AFE6AFC00449F10 /* Managers */ = {
			isa = PBXGroup;
			children = (
				43DCEEBE2B062030007858EE /* LifesManager.swift */,
				43057A752B062E6700292548 /* UserManager.swift */,
			);
			path = Managers;
			sourceTree = "<group>";
		};
		433AEFB22AFE723900449F10 /* Components */ = {
			isa = PBXGroup;
			children = (
				4382423F2B04DCD800CC321C /* ResultView */,
				4382423A2B04C1DA00CC321C /* ExtraViews */,
				4347CEE32B03BCC7004531B4 /* ProgressBars */,
				4347CEE22B03BCC2004531B4 /* Overlays */,
				433AEFB32AFE723D00449F10 /* Buttons */,
			);
			path = Components;
			sourceTree = "<group>";
		};
		433AEFB32AFE723D00449F10 /* Buttons */ = {
			isa = PBXGroup;
			children = (
				438242442B04E11500CC321C /* ContinueButton.swift */,
				43B265252B11169B0014DC1B /* LessonButton.swift */,
				43F2F45A2B0F654100BF28AD /* MatchingButton.swift */,
				4347CEE02B03BC87004531B4 /* SingleSelectButton.swift */,
				43057A772B06511800292548 /* SmallNavButton.swift */,
				433AEFB42AFE724900449F10 /* TopicButton.swift */,
				4347CEDE2B03BC37004531B4 /* ValidationButton.swift */,
			);
			path = Buttons;
			sourceTree = "<group>";
		};
		433AEFB62AFE72F900449F10 /* Topics */ = {
			isa = PBXGroup;
			children = (
				433AEFB82AFE730B00449F10 /* TopicsViewViewModel.swift */,
				433AEFAB2AFE663800449F10 /* TopicsView.swift */,
			);
			path = Topics;
			sourceTree = "<group>";
		};
		4347CEE22B03BCC2004531B4 /* Overlays */ = {
			isa = PBXGroup;
			children = (
				4378D2132B0CBEEF00736633 /* ResultOverlay */,
				4347CEE42B03CE15004531B4 /* QuitQuestionViewOverlay.swift */,
				43C6BBB82B050391003134C2 /* BuyNewLifesOverlay.swift */,
			);
			path = Overlays;
			sourceTree = "<group>";
		};
		4347CEE32B03BCC7004531B4 /* ProgressBars */ = {
			isa = PBXGroup;
			children = (
				4399F4F92AFE80E6007005B0 /* CircularProgressBar.swift */,
				4399F4FD2AFE9434007005B0 /* CustomProgressBar.swift */,
			);
			path = ProgressBars;
			sourceTree = "<group>";
		};
		4351DF642B079ADE00D441E9 /* Extensions */ = {
			isa = PBXGroup;
			children = (
				4351DF652B079AE800D441E9 /* ColorsExtensions.swift */,
				43B2652F2B11637B0014DC1B /* Transitions.swift */,
			);
			path = Extensions;
			sourceTree = "<group>";
		};
		4351DF6A2B07A44A00D441E9 /* QCM */ = {
			isa = PBXGroup;
			children = (
				43030A5F2AFFDDF700E4CA6B /* ViewModel */,
				43030A602AFFDDFC00E4CA6B /* View */,
			);
			path = QCM;
			sourceTree = "<group>";
		};
		43785F1E2B029395000BBD76 /* Lessons */ = {
			isa = PBXGroup;
			children = (
				43785F1F2B0293A0000BBD76 /* ViewModel */,
				43785F202B0293A3000BBD76 /* View */,
			);
			path = Lessons;
			sourceTree = "<group>";
		};
		43785F1F2B0293A0000BBD76 /* ViewModel */ = {
			isa = PBXGroup;
			children = (
			);
			path = ViewModel;
			sourceTree = "<group>";
		};
		43785F202B0293A3000BBD76 /* View */ = {
			isa = PBXGroup;
			children = (
				43785F212B0293AD000BBD76 /* SelectLessonsView.swift */,
			);
			path = View;
			sourceTree = "<group>";
		};
		4378D2132B0CBEEF00736633 /* ResultOverlay */ = {
			isa = PBXGroup;
			children = (
				4378D2112B0CBED300736633 /* ResultOverlayViewModel.swift */,
				4347CEDC2B03BBD3004531B4 /* ResultOverlay.swift */,
			);
			path = ResultOverlay;
			sourceTree = "<group>";
		};
		4382423A2B04C1DA00CC321C /* ExtraViews */ = {
			isa = PBXGroup;
			children = (
				4382423B2B04C1EC00CC321C /* ErrorsView.swift */,
			);
			path = ExtraViews;
			sourceTree = "<group>";
		};
		4382423F2B04DCD800CC321C /* ResultView */ = {
			isa = PBXGroup;
			children = (
				438242412B04DCE200CC321C /* View */,
				438242402B04DCDB00CC321C /* ViewModel */,
			);
			path = ResultView;
			sourceTree = "<group>";
		};
		438242402B04DCDB00CC321C /* ViewModel */ = {
			isa = PBXGroup;
			children = (
				438242422B04DCED00CC321C /* ResultViewViewModel.swift */,
			);
			path = ViewModel;
			sourceTree = "<group>";
		};
		438242412B04DCE200CC321C /* View */ = {
			isa = PBXGroup;
			children = (
				4382423D2B04D76F00CC321C /* ResultView.swift */,
			);
			path = View;
			sourceTree = "<group>";
		};
		4399F4F82AFE7CE1007005B0 /* Data */ = {
			isa = PBXGroup;
			children = (
				433AEFB02AFE6B5800449F10 /* MockData.swift */,
			);
			path = Data;
			sourceTree = "<group>";
		};
		43B2651C2B11152D0014DC1B /* Onboarding */ = {
			isa = PBXGroup;
			children = (
				43B2651F2B11154F0014DC1B /* Views */,
			);
			path = Onboarding;
			sourceTree = "<group>";
		};
		43B2651F2B11154F0014DC1B /* Views */ = {
			isa = PBXGroup;
			children = (
				43B265202B11155E0014DC1B /* ViewModel */,
				43B2651D2B1115480014DC1B /* OnboardingView.swift */,
				43B265232B1115D30014DC1B /* SelectFirstLessonView.swift */,
				43B265272B111D450014DC1B /* GeneralKnowledgeLevelView.swift */,
				43B2652B2B11543C0014DC1B /* SelfImprovementReasonsVie.swift */,
				43B2652D2B1159C60014DC1B /* WhatYouCanAchieveView.swift */,
			);
			path = Views;
			sourceTree = "<group>";
		};
		43B265202B11155E0014DC1B /* ViewModel */ = {
			isa = PBXGroup;
			children = (
				43B265212B1115710014DC1B /* OnboardingViewModel.swift */,
			);
			path = ViewModel;
			sourceTree = "<group>";
		};
		43F2F4392B0E3EDF00BF28AD /* Matching */ = {
			isa = PBXGroup;
			children = (
				43F2F43A2B0E3EF200BF28AD /* MatchingViewModel.swift */,
				43F2F4582B0E6DB000BF28AD /* MatchView.swift */,
			);
			path = Matching;
			sourceTree = "<group>";
		};
/* End PBXGroup section */

/* Begin PBXNativeTarget section */
		433AEF932AFE633300449F10 /* Allwise2 */ = {
			isa = PBXNativeTarget;
			buildConfigurationList = 433AEFA22AFE633500449F10 /* Build configuration list for PBXNativeTarget "Allwise2" */;
			buildPhases = (
				433AEF902AFE633300449F10 /* Sources */,
				433AEF912AFE633300449F10 /* Frameworks */,
				433AEF922AFE633300449F10 /* Resources */,
			);
			buildRules = (
			);
			dependencies = (
			);
			name = Allwise2;
			productName = Allwise2;
			productReference = 433AEF942AFE633300449F10 /* Allwise2.app */;
			productType = "com.apple.product-type.application";
		};
/* End PBXNativeTarget section */

/* Begin PBXProject section */
		433AEF8C2AFE633300449F10 /* Project object */ = {
			isa = PBXProject;
			attributes = {
				BuildIndependentTargetsInParallel = 1;
				LastSwiftUpdateCheck = 1500;
				LastUpgradeCheck = 1500;
				TargetAttributes = {
					433AEF932AFE633300449F10 = {
						CreatedOnToolsVersion = 15.0.1;
					};
				};
			};
			buildConfigurationList = 433AEF8F2AFE633300449F10 /* Build configuration list for PBXProject "Allwise2" */;
			compatibilityVersion = "Xcode 15.0";
			developmentRegion = en;
			hasScannedForEncodings = 0;
			knownRegions = (
				en,
				Base,
			);
			mainGroup = 433AEF8B2AFE633300449F10;
			productRefGroup = 433AEF952AFE633300449F10 /* Products */;
			projectDirPath = "";
			projectRoot = "";
			targets = (
				433AEF932AFE633300449F10 /* Allwise2 */,
			);
		};
/* End PBXProject section */

/* Begin PBXResourcesBuildPhase section */
		433AEF922AFE633300449F10 /* Resources */ = {
			isa = PBXResourcesBuildPhase;
			buildActionMask = 2147483647;
			files = (
				433AEF9F2AFE633500449F10 /* Preview Assets.xcassets in Resources */,
				433AEF9C2AFE633500449F10 /* Assets.xcassets in Resources */,
			);
			runOnlyForDeploymentPostprocessing = 0;
		};
/* End PBXResourcesBuildPhase section */

/* Begin PBXSourcesBuildPhase section */
		433AEF902AFE633300449F10 /* Sources */ = {
			isa = PBXSourcesBuildPhase;
			buildActionMask = 2147483647;
			files = (
				43057A742B062DC600292548 /* UserDashboardView.swift in Sources */,
				433AEFB52AFE724900449F10 /* TopicButton.swift in Sources */,
				438242452B04E11500CC321C /* ContinueButton.swift in Sources */,
				43B265302B11637B0014DC1B /* Transitions.swift in Sources */,
				43B265282B111D450014DC1B /* GeneralKnowledgeLevelView.swift in Sources */,
				4351DF662B079AE800D441E9 /* ColorsExtensions.swift in Sources */,
				4378D2122B0CBED300736633 /* ResultOverlayViewModel.swift in Sources */,
				43B265262B11169B0014DC1B /* LessonButton.swift in Sources */,
				43B265222B1115710014DC1B /* OnboardingViewModel.swift in Sources */,
				43C6BBB92B050391003134C2 /* BuyNewLifesOverlay.swift in Sources */,
				43F2F45B2B0F654100BF28AD /* MatchingButton.swift in Sources */,
				43F2F4592B0E6DB000BF28AD /* MatchView.swift in Sources */,
				433AEFAF2AFE6B1300449F10 /* AppViewModel.swift in Sources */,
				4347CEDF2B03BC37004531B4 /* ValidationButton.swift in Sources */,
				4382423C2B04C1EC00CC321C /* ErrorsView.swift in Sources */,
				438242432B04DCED00CC321C /* ResultViewViewModel.swift in Sources */,
				43B265242B1115D30014DC1B /* SelectFirstLessonView.swift in Sources */,
				43DCEEBF2B062030007858EE /* LifesManager.swift in Sources */,
				43057A782B06511800292548 /* SmallNavButton.swift in Sources */,
				4399F4FE2AFE9434007005B0 /* CustomProgressBar.swift in Sources */,
				43B2651E2B1115480014DC1B /* OnboardingView.swift in Sources */,
				4382423E2B04D76F00CC321C /* ResultView.swift in Sources */,
				4347CEE52B03CE15004531B4 /* QuitQuestionViewOverlay.swift in Sources */,
				433AEFB12AFE6B5800449F10 /* MockData.swift in Sources */,
				4378D2102B0CBAEF00736633 /* HomeView.swift in Sources */,
				433AEFA72AFE635500449F10 /* Models.swift in Sources */,
				43B2652E2B1159C60014DC1B /* WhatYouCanAchieveView.swift in Sources */,
				433AEFBB2AFE748C00449F10 /* SubTopicView.swift in Sources */,
				43B2652C2B11543C0014DC1B /* SelfImprovementReasonsVie.swift in Sources */,
				43785F222B0293AD000BBD76 /* SelectLessonsView.swift in Sources */,
				43030A5D2AFFC66900E4CA6B /* SubTopicViewModel.swift in Sources */,
				43057A762B062E6700292548 /* UserManager.swift in Sources */,
				43030A622AFFDE1600E4CA6B /* QuestionViewModel.swift in Sources */,
				433AEFB92AFE730B00449F10 /* TopicsViewViewModel.swift in Sources */,
				43F2F43B2B0E3EF200BF28AD /* MatchingViewModel.swift in Sources */,
				4399F4FC2AFE8F2A007005B0 /* QuestionQCMView.swift in Sources */,
				433AEFAC2AFE663800449F10 /* TopicsView.swift in Sources */,
				433AEF982AFE633300449F10 /* Allwise2App.swift in Sources */,
				4399F4FA2AFE80E6007005B0 /* CircularProgressBar.swift in Sources */,
				4347CEDD2B03BBD3004531B4 /* ResultOverlay.swift in Sources */,
				4347CEE12B03BC87004531B4 /* SingleSelectButton.swift in Sources */,
			);
			runOnlyForDeploymentPostprocessing = 0;
		};
/* End PBXSourcesBuildPhase section */

/* Begin XCBuildConfiguration section */
		433AEFA02AFE633500449F10 /* Debug */ = {
			isa = XCBuildConfiguration;
			buildSettings = {
				ALWAYS_SEARCH_USER_PATHS = NO;
				ASSETCATALOG_COMPILER_GENERATE_SWIFT_ASSET_SYMBOL_EXTENSIONS = YES;
				CLANG_ANALYZER_NONNULL = YES;
				CLANG_ANALYZER_NUMBER_OBJECT_CONVERSION = YES_AGGRESSIVE;
				CLANG_CXX_LANGUAGE_STANDARD = "gnu++20";
				CLANG_ENABLE_MODULES = YES;
				CLANG_ENABLE_OBJC_ARC = YES;
				CLANG_ENABLE_OBJC_WEAK = YES;
				CLANG_WARN_BLOCK_CAPTURE_AUTORELEASING = YES;
				CLANG_WARN_BOOL_CONVERSION = YES;
				CLANG_WARN_COMMA = YES;
				CLANG_WARN_CONSTANT_CONVERSION = YES;
				CLANG_WARN_DEPRECATED_OBJC_IMPLEMENTATIONS = YES;
				CLANG_WARN_DIRECT_OBJC_ISA_USAGE = YES_ERROR;
				CLANG_WARN_DOCUMENTATION_COMMENTS = YES;
				CLANG_WARN_EMPTY_BODY = YES;
				CLANG_WARN_ENUM_CONVERSION = YES;
				CLANG_WARN_INFINITE_RECURSION = YES;
				CLANG_WARN_INT_CONVERSION = YES;
				CLANG_WARN_NON_LITERAL_NULL_CONVERSION = YES;
				CLANG_WARN_OBJC_IMPLICIT_RETAIN_SELF = YES;
				CLANG_WARN_OBJC_LITERAL_CONVERSION = YES;
				CLANG_WARN_OBJC_ROOT_CLASS = YES_ERROR;
				CLANG_WARN_QUOTED_INCLUDE_IN_FRAMEWORK_HEADER = YES;
				CLANG_WARN_RANGE_LOOP_ANALYSIS = YES;
				CLANG_WARN_STRICT_PROTOTYPES = YES;
				CLANG_WARN_SUSPICIOUS_MOVE = YES;
				CLANG_WARN_UNGUARDED_AVAILABILITY = YES_AGGRESSIVE;
				CLANG_WARN_UNREACHABLE_CODE = YES;
				CLANG_WARN__DUPLICATE_METHOD_MATCH = YES;
				COPY_PHASE_STRIP = NO;
				DEBUG_INFORMATION_FORMAT = dwarf;
				ENABLE_STRICT_OBJC_MSGSEND = YES;
				ENABLE_TESTABILITY = YES;
				ENABLE_USER_SCRIPT_SANDBOXING = YES;
				GCC_C_LANGUAGE_STANDARD = gnu17;
				GCC_DYNAMIC_NO_PIC = NO;
				GCC_NO_COMMON_BLOCKS = YES;
				GCC_OPTIMIZATION_LEVEL = 0;
				GCC_PREPROCESSOR_DEFINITIONS = (
					"DEBUG=1",
					"$(inherited)",
				);
				GCC_WARN_64_TO_32_BIT_CONVERSION = YES;
				GCC_WARN_ABOUT_RETURN_TYPE = YES_ERROR;
				GCC_WARN_UNDECLARED_SELECTOR = YES;
				GCC_WARN_UNINITIALIZED_AUTOS = YES_AGGRESSIVE;
				GCC_WARN_UNUSED_FUNCTION = YES;
				GCC_WARN_UNUSED_VARIABLE = YES;
				IPHONEOS_DEPLOYMENT_TARGET = 16.1;
				LOCALIZATION_PREFERS_STRING_CATALOGS = YES;
				MTL_ENABLE_DEBUG_INFO = INCLUDE_SOURCE;
				MTL_FAST_MATH = YES;
				ONLY_ACTIVE_ARCH = YES;
				SDKROOT = iphoneos;
				SWIFT_ACTIVE_COMPILATION_CONDITIONS = "DEBUG $(inherited)";
				SWIFT_OPTIMIZATION_LEVEL = "-Onone";
			};
			name = Debug;
		};
		433AEFA12AFE633500449F10 /* Release */ = {
			isa = XCBuildConfiguration;
			buildSettings = {
				ALWAYS_SEARCH_USER_PATHS = NO;
				ASSETCATALOG_COMPILER_GENERATE_SWIFT_ASSET_SYMBOL_EXTENSIONS = YES;
				CLANG_ANALYZER_NONNULL = YES;
				CLANG_ANALYZER_NUMBER_OBJECT_CONVERSION = YES_AGGRESSIVE;
				CLANG_CXX_LANGUAGE_STANDARD = "gnu++20";
				CLANG_ENABLE_MODULES = YES;
				CLANG_ENABLE_OBJC_ARC = YES;
				CLANG_ENABLE_OBJC_WEAK = YES;
				CLANG_WARN_BLOCK_CAPTURE_AUTORELEASING = YES;
				CLANG_WARN_BOOL_CONVERSION = YES;
				CLANG_WARN_COMMA = YES;
				CLANG_WARN_CONSTANT_CONVERSION = YES;
				CLANG_WARN_DEPRECATED_OBJC_IMPLEMENTATIONS = YES;
				CLANG_WARN_DIRECT_OBJC_ISA_USAGE = YES_ERROR;
				CLANG_WARN_DOCUMENTATION_COMMENTS = YES;
				CLANG_WARN_EMPTY_BODY = YES;
				CLANG_WARN_ENUM_CONVERSION = YES;
				CLANG_WARN_INFINITE_RECURSION = YES;
				CLANG_WARN_INT_CONVERSION = YES;
				CLANG_WARN_NON_LITERAL_NULL_CONVERSION = YES;
				CLANG_WARN_OBJC_IMPLICIT_RETAIN_SELF = YES;
				CLANG_WARN_OBJC_LITERAL_CONVERSION = YES;
				CLANG_WARN_OBJC_ROOT_CLASS = YES_ERROR;
				CLANG_WARN_QUOTED_INCLUDE_IN_FRAMEWORK_HEADER = YES;
				CLANG_WARN_RANGE_LOOP_ANALYSIS = YES;
				CLANG_WARN_STRICT_PROTOTYPES = YES;
				CLANG_WARN_SUSPICIOUS_MOVE = YES;
				CLANG_WARN_UNGUARDED_AVAILABILITY = YES_AGGRESSIVE;
				CLANG_WARN_UNREACHABLE_CODE = YES;
				CLANG_WARN__DUPLICATE_METHOD_MATCH = YES;
				COPY_PHASE_STRIP = NO;
				DEBUG_INFORMATION_FORMAT = "dwarf-with-dsym";
				ENABLE_NS_ASSERTIONS = NO;
				ENABLE_STRICT_OBJC_MSGSEND = YES;
				ENABLE_USER_SCRIPT_SANDBOXING = YES;
				GCC_C_LANGUAGE_STANDARD = gnu17;
				GCC_NO_COMMON_BLOCKS = YES;
				GCC_WARN_64_TO_32_BIT_CONVERSION = YES;
				GCC_WARN_ABOUT_RETURN_TYPE = YES_ERROR;
				GCC_WARN_UNDECLARED_SELECTOR = YES;
				GCC_WARN_UNINITIALIZED_AUTOS = YES_AGGRESSIVE;
				GCC_WARN_UNUSED_FUNCTION = YES;
				GCC_WARN_UNUSED_VARIABLE = YES;
				IPHONEOS_DEPLOYMENT_TARGET = 16.1;
				LOCALIZATION_PREFERS_STRING_CATALOGS = YES;
				MTL_ENABLE_DEBUG_INFO = NO;
				MTL_FAST_MATH = YES;
				SDKROOT = iphoneos;
				SWIFT_COMPILATION_MODE = wholemodule;
				VALIDATE_PRODUCT = YES;
			};
			name = Release;
		};
		433AEFA32AFE633500449F10 /* Debug */ = {
			isa = XCBuildConfiguration;
			buildSettings = {
				ASSETCATALOG_COMPILER_APPICON_NAME = AppIcon;
				ASSETCATALOG_COMPILER_GLOBAL_ACCENT_COLOR_NAME = AccentColor;
				CODE_SIGN_STYLE = Automatic;
				CURRENT_PROJECT_VERSION = 1;
				DEVELOPMENT_ASSET_PATHS = "\"Allwise2/Preview Content\"";
				DEVELOPMENT_TEAM = YA24P24868;
				ENABLE_PREVIEWS = YES;
				GENERATE_INFOPLIST_FILE = YES;
				INFOPLIST_KEY_CFBundleDisplayName = Allwise;
				INFOPLIST_KEY_LSApplicationCategoryType = "public.app-category.education";
				INFOPLIST_KEY_UIApplicationSceneManifest_Generation = YES;
				INFOPLIST_KEY_UIApplicationSupportsIndirectInputEvents = YES;
				INFOPLIST_KEY_UILaunchScreen_Generation = YES;
				INFOPLIST_KEY_UISupportedInterfaceOrientations_iPad = "UIInterfaceOrientationPortrait UIInterfaceOrientationPortraitUpsideDown UIInterfaceOrientationLandscapeLeft UIInterfaceOrientationLandscapeRight";
				INFOPLIST_KEY_UISupportedInterfaceOrientations_iPhone = "UIInterfaceOrientationPortrait UIInterfaceOrientationLandscapeLeft UIInterfaceOrientationLandscapeRight";
				IPHONEOS_DEPLOYMENT_TARGET = 16.1;
				LD_RUNPATH_SEARCH_PATHS = (
					"$(inherited)",
					"@executable_path/Frameworks",
				);
				MARKETING_VERSION = 1.0;
				PRODUCT_BUNDLE_IDENTIFIER = com.cortex.Allwise2;
				PRODUCT_NAME = "$(TARGET_NAME)";
				SWIFT_EMIT_LOC_STRINGS = YES;
				SWIFT_VERSION = 5.0;
				TARGETED_DEVICE_FAMILY = "1,2";
			};
			name = Debug;
		};
		433AEFA42AFE633500449F10 /* Release */ = {
			isa = XCBuildConfiguration;
			buildSettings = {
				ASSETCATALOG_COMPILER_APPICON_NAME = AppIcon;
				ASSETCATALOG_COMPILER_GLOBAL_ACCENT_COLOR_NAME = AccentColor;
				CODE_SIGN_STYLE = Automatic;
				CURRENT_PROJECT_VERSION = 1;
				DEVELOPMENT_ASSET_PATHS = "\"Allwise2/Preview Content\"";
				DEVELOPMENT_TEAM = YA24P24868;
				ENABLE_PREVIEWS = YES;
				GENERATE_INFOPLIST_FILE = YES;
				INFOPLIST_KEY_CFBundleDisplayName = Allwise;
				INFOPLIST_KEY_LSApplicationCategoryType = "public.app-category.education";
				INFOPLIST_KEY_UIApplicationSceneManifest_Generation = YES;
				INFOPLIST_KEY_UIApplicationSupportsIndirectInputEvents = YES;
				INFOPLIST_KEY_UILaunchScreen_Generation = YES;
				INFOPLIST_KEY_UISupportedInterfaceOrientations_iPad = "UIInterfaceOrientationPortrait UIInterfaceOrientationPortraitUpsideDown UIInterfaceOrientationLandscapeLeft UIInterfaceOrientationLandscapeRight";
				INFOPLIST_KEY_UISupportedInterfaceOrientations_iPhone = "UIInterfaceOrientationPortrait UIInterfaceOrientationLandscapeLeft UIInterfaceOrientationLandscapeRight";
				IPHONEOS_DEPLOYMENT_TARGET = 16.1;
				LD_RUNPATH_SEARCH_PATHS = (
					"$(inherited)",
					"@executable_path/Frameworks",
				);
				MARKETING_VERSION = 1.0;
				PRODUCT_BUNDLE_IDENTIFIER = com.cortex.Allwise2;
				PRODUCT_NAME = "$(TARGET_NAME)";
				SWIFT_EMIT_LOC_STRINGS = YES;
				SWIFT_VERSION = 5.0;
				TARGETED_DEVICE_FAMILY = "1,2";
			};
			name = Release;
		};
/* End XCBuildConfiguration section */

/* Begin XCConfigurationList section */
		433AEF8F2AFE633300449F10 /* Build configuration list for PBXProject "Allwise2" */ = {
			isa = XCConfigurationList;
			buildConfigurations = (
				433AEFA02AFE633500449F10 /* Debug */,
				433AEFA12AFE633500449F10 /* Release */,
			);
			defaultConfigurationIsVisible = 0;
			defaultConfigurationName = Release;
		};
		433AEFA22AFE633500449F10 /* Build configuration list for PBXNativeTarget "Allwise2" */ = {
			isa = XCConfigurationList;
			buildConfigurations = (
				433AEFA32AFE633500449F10 /* Debug */,
				433AEFA42AFE633500449F10 /* Release */,
			);
			defaultConfigurationIsVisible = 0;
			defaultConfigurationName = Release;
		};
/* End XCConfigurationList section */
	};
	rootObject = 433AEF8C2AFE633300449F10 /* Project object */;
}
